// !$*UTF8*$!
{
	archiveVersion = 1;
	classes = {
	};
	objectVersion = 77;
	objects = {

/* Begin PBXBuildFile section */
		820A9D482ED80B0A00498E35 /* MenuIconShape.swift in Sources */ = {isa = PBXBuildFile; fileRef = 820A9D472ED80B0A00498E35 /* MenuIconShape.swift */; };
		820A9D4A2ED80B2700498E35 /* SidebarModifier.swift in Sources */ = {isa = PBXBuildFile; fileRef = 820A9D492ED80B2700498E35 /* SidebarModifier.swift */; };
		820A9D4C2ED80B4500498E35 /* PinchMaskedScrollModifier.swift in Sources */ = {isa = PBXBuildFile; fileRef = 820A9D4B2ED80B4500498E35 /* PinchMaskedScrollModifier.swift */; };
		820A9D522ED8157F00498E35 /* Lottie in Frameworks */ = {isa = PBXBuildFile; productRef = 820A9D512ED8157F00498E35 /* Lottie */; };
		820A9D562ED816F600498E35 /* LottieView.swift in Sources */ = {isa = PBXBuildFile; fileRef = 820A9D552ED816F600498E35 /* LottieView.swift */; };
		820A9D582ED8172000498E35 /* WebView.swift in Sources */ = {isa = PBXBuildFile; fileRef = 820A9D572ED8172000498E35 /* WebView.swift */; };
		8230C99E2EDDD2E300CF0B5F /* uploading.json in Resources */ = {isa = PBXBuildFile; fileRef = 8230C99D2EDDD2E300CF0B5F /* uploading.json */; };
		8230C9A12EDDD2E300CF0B5F /* giftDiscount.json in Resources */ = {isa = PBXBuildFile; fileRef = 8230C99B2EDDD2E300CF0B5F /* giftDiscount.json */; };
		8230C9A42EDEEFAB00CF0B5F /* SupportView.swift in Sources */ = {isa = PBXBuildFile; fileRef = 8230C9A32EDEEFAB00CF0B5F /* SupportView.swift */; };
		8230C9A62EDEFA5D00CF0B5F /* HTMLBlockPresenterView.swift in Sources */ = {isa = PBXBuildFile; fileRef = 8230C9A52EDEFA5D00CF0B5F /* HTMLBlockPresenterView.swift */; };
		8230C9A92EDEFBF800CF0B5F /* SupportRequest.swift in Sources */ = {isa = PBXBuildFile; fileRef = 8230C9A82EDEFBF800CF0B5F /* SupportRequest.swift */; };
		8230C9AB2EDEFC9800CF0B5F /* CodeRequest.swift in Sources */ = {isa = PBXBuildFile; fileRef = 8230C9AA2EDEFC9800CF0B5F /* CodeRequest.swift */; };
		8230C9AD2EDF130E00CF0B5F /* ShareView.swift in Sources */ = {isa = PBXBuildFile; fileRef = 8230C9AC2EDF130E00CF0B5F /* ShareView.swift */; };
		8230C9AF2EDF13FF00CF0B5F /* String.swift in Sources */ = {isa = PBXBuildFile; fileRef = 8230C9AE2EDF13FF00CF0B5F /* String.swift */; };
		8230C9BF2EDF3AB400CF0B5F /* morphing.json in Resources */ = {isa = PBXBuildFile; fileRef = 8230C9BD2EDF3AB400CF0B5F /* morphing.json */; };
		8230C9C62EDF3BDA00CF0B5F /* cloudStorage.json in Resources */ = {isa = PBXBuildFile; fileRef = 8230C9C42EDF3BDA00CF0B5F /* cloudStorage.json */; };
		8230C9C72EDF3BDA00CF0B5F /* save.json in Resources */ = {isa = PBXBuildFile; fileRef = 8230C9C52EDF3BDA00CF0B5F /* save.json */; };
		8230C9C92EDF872200CF0B5F /* LinkButtonModifier.swift in Sources */ = {isa = PBXBuildFile; fileRef = 8230C9C82EDF872200CF0B5F /* LinkButtonModifier.swift */; };
		8230C9CB2EDF894700CF0B5F /* UIImage.swift in Sources */ = {isa = PBXBuildFile; fileRef = 8230C9CA2EDF894700CF0B5F /* UIImage.swift */; };
		8230C9CD2EDF896600CF0B5F /* FileManagerService.swift in Sources */ = {isa = PBXBuildFile; fileRef = 8230C9CC2EDF896600CF0B5F /* FileManagerService.swift */; };
		8232D4C22ED37841004A67EE /* AuthorizationView.swift in Sources */ = {isa = PBXBuildFile; fileRef = 8232D4C12ED37841004A67EE /* AuthorizationView.swift */; };
		8232D4C52ED37D5D004A67EE /* AppFeaturesView.swift in Sources */ = {isa = PBXBuildFile; fileRef = 8232D4C42ED37D5D004A67EE /* AppFeaturesView.swift */; };
		823DC1F92ED0EFFF005367A2 /* Data.swift in Sources */ = {isa = PBXBuildFile; fileRef = 823DC1F82ED0EFFF005367A2 /* Data.swift */; };
		823DC2532ED10AA3005367A2 /* AppDelegate.swift in Sources */ = {isa = PBXBuildFile; fileRef = 823DC2522ED10AA3005367A2 /* AppDelegate.swift */; };
		823DC2552ED12CD4005367A2 /* DeleteFileRequest.swift in Sources */ = {isa = PBXBuildFile; fileRef = 823DC2542ED12CD4005367A2 /* DeleteFileRequest.swift */; };
		823DC2832ED1B202005367A2 /* KeychainService.swift in Sources */ = {isa = PBXBuildFile; fileRef = 823DC2822ED1B202005367A2 /* KeychainService.swift */; };
		823DC2852ED27EEF005367A2 /* StoreKitService.swift in Sources */ = {isa = PBXBuildFile; fileRef = 823DC2842ED27EEF005367A2 /* StoreKitService.swift */; };
		823DC2872ED28B15005367A2 /* DataBaseModel.swift in Sources */ = {isa = PBXBuildFile; fileRef = 823DC2862ED28B15005367A2 /* DataBaseModel.swift */; };
		823DC2892ED28B48005367A2 /* AppConfigResponse.swift in Sources */ = {isa = PBXBuildFile; fileRef = 823DC2882ED28B48005367A2 /* AppConfigResponse.swift */; };
		823DC28B2ED28C21005367A2 /* DataBaseService.swift in Sources */ = {isa = PBXBuildFile; fileRef = 823DC28A2ED28C21005367A2 /* DataBaseService.swift */; };
		823DC2952ED29FAB005367A2 /* StoreKitView.swift in Sources */ = {isa = PBXBuildFile; fileRef = 823DC2942ED29FAB005367A2 /* StoreKitView.swift */; };
		8250E2CA2EDFC7E600A81E91 /* AppearenceConfig.swift in Sources */ = {isa = PBXBuildFile; fileRef = 8250E2C92EDFC7E600A81E91 /* AppearenceConfig.swift */; };
		8250E2CC2EDFDD2C00A81E91 /* AppConfigRequest.swift in Sources */ = {isa = PBXBuildFile; fileRef = 8250E2CB2EDFDD2C00A81E91 /* AppConfigRequest.swift */; };
		8250E2CE2EDFEB3E00A81E91 /* ErrorViewModifier.swift in Sources */ = {isa = PBXBuildFile; fileRef = 8250E2CD2EDFEB3E00A81E91 /* ErrorViewModifier.swift */; };
		8250E2D02EDFF64800A81E91 /* NoDataView.swift in Sources */ = {isa = PBXBuildFile; fileRef = 8250E2CF2EDFF64800A81E91 /* NoDataView.swift */; };
		8250E2E62EE0023B00A81E91 /* AppLaunchView.swift in Sources */ = {isa = PBXBuildFile; fileRef = 8250E2E52EE0023B00A81E91 /* AppLaunchView.swift */; };
		8250E2E82EE0056400A81E91 /* NotificationCenterConfig.swift in Sources */ = {isa = PBXBuildFile; fileRef = 8250E2E72EE0056400A81E91 /* NotificationCenterConfig.swift */; };
		8250E2EA2EE0076900A81E91 /* NSError.swift in Sources */ = {isa = PBXBuildFile; fileRef = 8250E2E92EE0076900A81E91 /* NSError.swift */; };
		8255118D2ED9D59900C4094F /* SidebarView.swift in Sources */ = {isa = PBXBuildFile; fileRef = 8255118C2ED9D59900C4094F /* SidebarView.swift */; };
		825511A32EDB356400C4094F /* BlurView.swift in Sources */ = {isa = PBXBuildFile; fileRef = 825511A22EDB356400C4094F /* BlurView.swift */; };
		8261FB722EE1B85F00045643 /* DeleteAccountRequest.swift in Sources */ = {isa = PBXBuildFile; fileRef = 8261FB712EE1B85F00045643 /* DeleteAccountRequest.swift */; };
		8262A5802ED7F457005188F2 /* SignInService.swift in Sources */ = {isa = PBXBuildFile; fileRef = 8262A57F2ED7F457005188F2 /* SignInService.swift */; };
		8262A5852ED7F4A1005188F2 /* AppleSignInService.swift in Sources */ = {isa = PBXBuildFile; fileRef = 8262A5842ED7F4A1005188F2 /* AppleSignInService.swift */; };
		8262A59B2ED7F87D005188F2 /* ClearBackgroundView.swift in Sources */ = {isa = PBXBuildFile; fileRef = 8262A59A2ED7F87D005188F2 /* ClearBackgroundView.swift */; };
		8262A59D2ED7F992005188F2 /* SignInWithAppleButton.swift in Sources */ = {isa = PBXBuildFile; fileRef = 8262A59C2ED7F992005188F2 /* SignInWithAppleButton.swift */; };
		8268DBDB2ED783AB004FC985 /* PHPhotoLibraryModifierService.swift in Sources */ = {isa = PBXBuildFile; fileRef = 8268DBDA2ED783AB004FC985 /* PHPhotoLibraryModifierService.swift */; };
		8268DBDE2ED796BB004FC985 /* CachedAsyncImageViewModel.swift in Sources */ = {isa = PBXBuildFile; fileRef = 8268DBDD2ED796BB004FC985 /* CachedAsyncImageViewModel.swift */; };
		8268DBE12ED7CCD5004FC985 /* UserModel.swift in Sources */ = {isa = PBXBuildFile; fileRef = 8268DBE02ED7CCD5004FC985 /* UserModel.swift */; };
		826E6FDD2ED8DCAE00DE98BB /* DragAndDropModifier.swift in Sources */ = {isa = PBXBuildFile; fileRef = 826E6FDC2ED8DCAE00DE98BB /* DragAndDropModifier.swift */; };
		826E6FDF2ED93B6C00DE98BB /* RootAlertConfigModifier.swift in Sources */ = {isa = PBXBuildFile; fileRef = 826E6FDE2ED93B6C00DE98BB /* RootAlertConfigModifier.swift */; };
		827162052ECACBFC00E52013 /* UIWindow.swift in Sources */ = {isa = PBXBuildFile; fileRef = 827162042ECACBFC00E52013 /* UIWindow.swift */; };
		827162082ECACFF700E52013 /* FileListView.swift in Sources */ = {isa = PBXBuildFile; fileRef = 827162072ECACFF700E52013 /* FileListView.swift */; };
		8271620B2ECAD02700E52013 /* FileListViewModel.swift in Sources */ = {isa = PBXBuildFile; fileRef = 8271620A2ECAD02700E52013 /* FileListViewModel.swift */; };
		8271620E2ECAFB2B00E52013 /* RequestType.swift in Sources */ = {isa = PBXBuildFile; fileRef = 8271620D2ECAFB2B00E52013 /* RequestType.swift */; };
		8271622B2ECB095800E52013 /* ViewSizeReaderModifier.swift in Sources */ = {isa = PBXBuildFile; fileRef = 8271622A2ECB095800E52013 /* ViewSizeReaderModifier.swift */; };
		827162422ECB222900E52013 /* PhotoLibraryPickerView.swift in Sources */ = {isa = PBXBuildFile; fileRef = 827162412ECB222900E52013 /* PhotoLibraryPickerView.swift */; };
		8271624F2ECBA81B00E52013 /* CachedAsyncImage.swift in Sources */ = {isa = PBXBuildFile; fileRef = 8271624E2ECBA81B00E52013 /* CachedAsyncImage.swift */; };
		827162512ECBA8C000E52013 /* FetchImageRequest.swift in Sources */ = {isa = PBXBuildFile; fileRef = 827162502ECBA8C000E52013 /* FetchImageRequest.swift */; };
		828FC26C2EDBCD7500374FDE /* CircularButtonModifier.swift in Sources */ = {isa = PBXBuildFile; fileRef = 828FC26B2EDBCD7500374FDE /* CircularButtonModifier.swift */; };
		82909A5C2ED4E2A700BF9548 /* AWSConnect in Frameworks */ = {isa = PBXBuildFile; productRef = 82909A5B2ED4E2A700BF9548 /* AWSConnect */; };
		82909A5E2ED4E2A700BF9548 /* AWSCore in Frameworks */ = {isa = PBXBuildFile; productRef = 82909A5D2ED4E2A700BF9548 /* AWSCore */; };
		82909A602ED4E2A700BF9548 /* AWSEC2 in Frameworks */ = {isa = PBXBuildFile; productRef = 82909A5F2ED4E2A700BF9548 /* AWSEC2 */; };
		82909A622ED4E2A700BF9548 /* AWSS3 in Frameworks */ = {isa = PBXBuildFile; productRef = 82909A612ED4E2A700BF9548 /* AWSS3 */; };
		82909A642ED4E2A700BF9548 /* AWSSES in Frameworks */ = {isa = PBXBuildFile; productRef = 82909A632ED4E2A700BF9548 /* AWSSES */; };
		82909A662ED4E2A700BF9548 /* AWSSNS in Frameworks */ = {isa = PBXBuildFile; productRef = 82909A652ED4E2A700BF9548 /* AWSSNS */; };
		82909A682ED53FF200BF9548 /* LoaderView.swift in Sources */ = {isa = PBXBuildFile; fileRef = 82909A672ED53FF200BF9548 /* LoaderView.swift */; };
		82909A6A2ED5418700BF9548 /* ServiceConfig.swift in Sources */ = {isa = PBXBuildFile; fileRef = 82909A692ED5418700BF9548 /* ServiceConfig.swift */; };
		82909A6C2ED541E900BF9548 /* WasabiConfig.swift in Sources */ = {isa = PBXBuildFile; fileRef = 82909A6B2ED541E900BF9548 /* WasabiConfig.swift */; };
		82909A6E2ED542A200BF9548 /* WasabiService.swift in Sources */ = {isa = PBXBuildFile; fileRef = 82909A6D2ED542A200BF9548 /* WasabiService.swift */; };
		82909A712ED5607700BF9548 /* ArrowShape.swift in Sources */ = {isa = PBXBuildFile; fileRef = 82909A702ED5607700BF9548 /* ArrowShape.swift */; };
		82909A742ED5717800BF9548 /* UploadComponentShape.swift in Sources */ = {isa = PBXBuildFile; fileRef = 82909A732ED5717800BF9548 /* UploadComponentShape.swift */; };
		82909A762ED571E300BF9548 /* CloudShape.swift in Sources */ = {isa = PBXBuildFile; fileRef = 82909A752ED571E300BF9548 /* CloudShape.swift */; };
		82909A782ED574D200BF9548 /* UploadIconView.swift in Sources */ = {isa = PBXBuildFile; fileRef = 82909A772ED574D200BF9548 /* UploadIconView.swift */; };
		82909A7A2ED59A4800BF9548 /* CheckmarkShape.swift in Sources */ = {isa = PBXBuildFile; fileRef = 82909A792ED59A4800BF9548 /* CheckmarkShape.swift */; };
		82909A7C2ED5B42000BF9548 /* SaveIconView.swift in Sources */ = {isa = PBXBuildFile; fileRef = 82909A7B2ED5B42000BF9548 /* SaveIconView.swift */; };
		82909A7F2ED5BCB900BF9548 /* IconViewProtocol.swift in Sources */ = {isa = PBXBuildFile; fileRef = 82909A7E2ED5BCB900BF9548 /* IconViewProtocol.swift */; };
		82909A822ED5BD2400BF9548 /* IconViewModel.swift in Sources */ = {isa = PBXBuildFile; fileRef = 82909A812ED5BD2400BF9548 /* IconViewModel.swift */; };
		82909A842ED5E9F300BF9548 /* TrashShape.swift in Sources */ = {isa = PBXBuildFile; fileRef = 82909A832ED5E9F300BF9548 /* TrashShape.swift */; };
		82909A862ED5EA5500BF9548 /* TrashIconView.swift in Sources */ = {isa = PBXBuildFile; fileRef = 82909A852ED5EA5500BF9548 /* TrashIconView.swift */; };
		82909A882ED658E700BF9548 /* TrashInsiderComponentShape.swift in Sources */ = {isa = PBXBuildFile; fileRef = 82909A872ED658E700BF9548 /* TrashInsiderComponentShape.swift */; };
		82909A8A2ED66BD200BF9548 /* AuthorizationFieldsView.swift in Sources */ = {isa = PBXBuildFile; fileRef = 82909A892ED66BD200BF9548 /* AuthorizationFieldsView.swift */; };
		82909A8C2ED6A16300BF9548 /* LoadingButtonModifier.swift in Sources */ = {isa = PBXBuildFile; fileRef = 82909A8B2ED6A16300BF9548 /* LoadingButtonModifier.swift */; };
		82909A8E2ED72F0300BF9548 /* AuthorizationViewModel.swift in Sources */ = {isa = PBXBuildFile; fileRef = 82909A8D2ED72F0200BF9548 /* AuthorizationViewModel.swift */; };
		82C69F572EE2D31700D733D2 /* Keys.swift in Sources */ = {isa = PBXBuildFile; fileRef = 82C69F562EE2D31700D733D2 /* Keys.swift */; };
		82D45BAF2EDCDD35000DF5D6 /* MessageStaticView.swift in Sources */ = {isa = PBXBuildFile; fileRef = 82D45BAE2EDCDD35000DF5D6 /* MessageStaticView.swift */; };
		82D7F4F52ECA82C300A44A98 /* Assets.xcassets in Resources */ = {isa = PBXBuildFile; fileRef = 82D7F4F12ECA82C300A44A98 /* Assets.xcassets */; };
		82D7F4F62ECA82C300A44A98 /* Codable+Decodable.swift in Sources */ = {isa = PBXBuildFile; fileRef = 82D7F4EF2ECA82C300A44A98 /* Codable+Decodable.swift */; };
		82D7F4F72ECA82C300A44A98 /* HomeView.swift in Sources */ = {isa = PBXBuildFile; fileRef = 82D7F4F22ECA82C300A44A98 /* HomeView.swift */; };
		82D7F4F82ECA82C300A44A98 /* GalaryCloudApp.swift in Sources */ = {isa = PBXBuildFile; fileRef = 82D7F4F32ECA82C300A44A98 /* GalaryCloudApp.swift */; };
		82D7F4FB2ECA82C900A44A98 /* GalaryCloudTests.swift in Sources */ = {isa = PBXBuildFile; fileRef = 82D7F4F92ECA82C900A44A98 /* GalaryCloudTests.swift */; };
		82D7F4FF2ECA82CF00A44A98 /* GalaryCloudUITests.swift in Sources */ = {isa = PBXBuildFile; fileRef = 82D7F4FC2ECA82CF00A44A98 /* GalaryCloudUITests.swift */; };
		82D7F5002ECA82CF00A44A98 /* GalaryCloudUITestsLaunchTests.swift in Sources */ = {isa = PBXBuildFile; fileRef = 82D7F4FD2ECA82CF00A44A98 /* GalaryCloudUITestsLaunchTests.swift */; };
		82D7F5062ECA836D00A44A98 /* FetchFilesResponse.swift in Sources */ = {isa = PBXBuildFile; fileRef = 82D7F5052ECA836D00A44A98 /* FetchFilesResponse.swift */; };
		82D7F5082ECA837700A44A98 /* FetchFilesRequest.swift in Sources */ = {isa = PBXBuildFile; fileRef = 82D7F5072ECA837700A44A98 /* FetchFilesRequest.swift */; };
		82D7F50E2ECA841A00A44A98 /* BaseResponse.swift in Sources */ = {isa = PBXBuildFile; fileRef = 82D7F50D2ECA841A00A44A98 /* BaseResponse.swift */; };
		82D7F5102ECA843100A44A98 /* ErrorResponse.swift in Sources */ = {isa = PBXBuildFile; fileRef = 82D7F50F2ECA843100A44A98 /* ErrorResponse.swift */; };
		82D7F5122ECA855A00A44A98 /* LoginRequest.swift in Sources */ = {isa = PBXBuildFile; fileRef = 82D7F5112ECA855A00A44A98 /* LoginRequest.swift */; };
		82D7F5142ECA85AB00A44A98 /* CreateUpdateAccountRequest.swift in Sources */ = {isa = PBXBuildFile; fileRef = 82D7F5132ECA85AB00A44A98 /* CreateUpdateAccountRequest.swift */; };
		82D7F5162ECA861600A44A98 /* Requestable.swift in Sources */ = {isa = PBXBuildFile; fileRef = 82D7F5152ECA861600A44A98 /* Requestable.swift */; };
		82D7F5182ECA8D2800A44A98 /* Keys.swift in Sources */ = {isa = PBXBuildFile; fileRef = 82D7F5172ECA8D2800A44A98 /* Keys.swift */; };
		82D7F51A2ECA8EF000A44A98 /* URLSession.swift in Sources */ = {isa = PBXBuildFile; fileRef = 82D7F5192ECA8EF000A44A98 /* URLSession.swift */; };
		82D7F51D2ECA91E900A44A98 /* UploadingProgressView.swift in Sources */ = {isa = PBXBuildFile; fileRef = 82D7F51C2ECA91E900A44A98 /* UploadingProgressView.swift */; };
		82D7F51F2ECA93DC00A44A98 /* URLRequest.swift in Sources */ = {isa = PBXBuildFile; fileRef = 82D7F51E2ECA93DC00A44A98 /* URLRequest.swift */; };
		82D7F5272ECAAF8700A44A98 /* CreateFileRequest.swift in Sources */ = {isa = PBXBuildFile; fileRef = 82D7F5262ECAAF8700A44A98 /* CreateFileRequest.swift */; };
		82D7F52A2ECAB10100A44A98 /* MessageModel.swift in Sources */ = {isa = PBXBuildFile; fileRef = 82D7F5292ECAB10100A44A98 /* MessageModel.swift */; };
		82E06A0B2ECD100E0003474F /* PhotoPreviewView.swift in Sources */ = {isa = PBXBuildFile; fileRef = 82E06A0A2ECD100E0003474F /* PhotoPreviewView.swift */; };
		82E06A212ECE503D0003474F /* DirectorySizeRequest.swift in Sources */ = {isa = PBXBuildFile; fileRef = 82E06A202ECE503D0003474F /* DirectorySizeRequest.swift */; };
		82E06A232ECE50760003474F /* DirectorySizeResponse.swift in Sources */ = {isa = PBXBuildFile; fileRef = 82E06A222ECE50760003474F /* DirectorySizeResponse.swift */; };
/* End PBXBuildFile section */

/* Begin PBXContainerItemProxy section */
		82D7F4CA2ECA813500A44A98 /* PBXContainerItemProxy */ = {
			isa = PBXContainerItemProxy;
			containerPortal = 82D7F4B42ECA813300A44A98 /* Project object */;
			proxyType = 1;
			remoteGlobalIDString = 82D7F4BB2ECA813300A44A98;
			remoteInfo = GalaryCloud;
		};
		82D7F4D42ECA813500A44A98 /* PBXContainerItemProxy */ = {
			isa = PBXContainerItemProxy;
			containerPortal = 82D7F4B42ECA813300A44A98 /* Project object */;
			proxyType = 1;
			remoteGlobalIDString = 82D7F4BB2ECA813300A44A98;
			remoteInfo = GalaryCloud;
		};
/* End PBXContainerItemProxy section */

/* Begin PBXFileReference section */
		820A9D472ED80B0A00498E35 /* MenuIconShape.swift */ = {isa = PBXFileReference; lastKnownFileType = sourcecode.swift; path = MenuIconShape.swift; sourceTree = "<group>"; };
		820A9D492ED80B2700498E35 /* SidebarModifier.swift */ = {isa = PBXFileReference; lastKnownFileType = sourcecode.swift; path = SidebarModifier.swift; sourceTree = "<group>"; };
		820A9D4B2ED80B4500498E35 /* PinchMaskedScrollModifier.swift */ = {isa = PBXFileReference; lastKnownFileType = sourcecode.swift; path = PinchMaskedScrollModifier.swift; sourceTree = "<group>"; };
		820A9D552ED816F600498E35 /* LottieView.swift */ = {isa = PBXFileReference; lastKnownFileType = sourcecode.swift; path = LottieView.swift; sourceTree = "<group>"; };
		820A9D572ED8172000498E35 /* WebView.swift */ = {isa = PBXFileReference; lastKnownFileType = sourcecode.swift; path = WebView.swift; sourceTree = "<group>"; };
		8230C99B2EDDD2E300CF0B5F /* giftDiscount.json */ = {isa = PBXFileReference; lastKnownFileType = text.json; path = giftDiscount.json; sourceTree = "<group>"; };
		8230C99D2EDDD2E300CF0B5F /* uploading.json */ = {isa = PBXFileReference; lastKnownFileType = text.json; path = uploading.json; sourceTree = "<group>"; };
		8230C9A32EDEEFAB00CF0B5F /* SupportView.swift */ = {isa = PBXFileReference; lastKnownFileType = sourcecode.swift; path = SupportView.swift; sourceTree = "<group>"; };
		8230C9A52EDEFA5D00CF0B5F /* HTMLBlockPresenterView.swift */ = {isa = PBXFileReference; lastKnownFileType = sourcecode.swift; path = HTMLBlockPresenterView.swift; sourceTree = "<group>"; };
		8230C9A82EDEFBF800CF0B5F /* SupportRequest.swift */ = {isa = PBXFileReference; lastKnownFileType = sourcecode.swift; path = SupportRequest.swift; sourceTree = "<group>"; };
		8230C9AA2EDEFC9800CF0B5F /* CodeRequest.swift */ = {isa = PBXFileReference; lastKnownFileType = sourcecode.swift; path = CodeRequest.swift; sourceTree = "<group>"; };
		8230C9AC2EDF130E00CF0B5F /* ShareView.swift */ = {isa = PBXFileReference; lastKnownFileType = sourcecode.swift; path = ShareView.swift; sourceTree = "<group>"; };
		8230C9AE2EDF13FF00CF0B5F /* String.swift */ = {isa = PBXFileReference; lastKnownFileType = sourcecode.swift; path = String.swift; sourceTree = "<group>"; };
		8230C9BD2EDF3AB400CF0B5F /* morphing.json */ = {isa = PBXFileReference; lastKnownFileType = text.json; path = morphing.json; sourceTree = "<group>"; };
		8230C9C42EDF3BDA00CF0B5F /* cloudStorage.json */ = {isa = PBXFileReference; lastKnownFileType = text.json; path = cloudStorage.json; sourceTree = "<group>"; };
		8230C9C52EDF3BDA00CF0B5F /* save.json */ = {isa = PBXFileReference; lastKnownFileType = text.json; path = save.json; sourceTree = "<group>"; };
		8230C9C82EDF872200CF0B5F /* LinkButtonModifier.swift */ = {isa = PBXFileReference; lastKnownFileType = sourcecode.swift; path = LinkButtonModifier.swift; sourceTree = "<group>"; };
		8230C9CA2EDF894700CF0B5F /* UIImage.swift */ = {isa = PBXFileReference; lastKnownFileType = sourcecode.swift; path = UIImage.swift; sourceTree = "<group>"; };
		8230C9CC2EDF896600CF0B5F /* FileManagerService.swift */ = {isa = PBXFileReference; lastKnownFileType = sourcecode.swift; path = FileManagerService.swift; sourceTree = "<group>"; };
		8232D4C12ED37841004A67EE /* AuthorizationView.swift */ = {isa = PBXFileReference; lastKnownFileType = sourcecode.swift; path = AuthorizationView.swift; sourceTree = "<group>"; };
		8232D4C42ED37D5D004A67EE /* AppFeaturesView.swift */ = {isa = PBXFileReference; lastKnownFileType = sourcecode.swift; path = AppFeaturesView.swift; sourceTree = "<group>"; };
		823DC1F82ED0EFFF005367A2 /* Data.swift */ = {isa = PBXFileReference; lastKnownFileType = sourcecode.swift; path = Data.swift; sourceTree = "<group>"; };
		823DC1FA2ED109A4005367A2 /* GalaryCloud.entitlements */ = {isa = PBXFileReference; lastKnownFileType = text.plist.entitlements; path = GalaryCloud.entitlements; sourceTree = "<group>"; };
		823DC1FB2ED109B1005367A2 /* Info.plist */ = {isa = PBXFileReference; lastKnownFileType = text.plist; path = Info.plist; sourceTree = "<group>"; };
		823DC2522ED10AA3005367A2 /* AppDelegate.swift */ = {isa = PBXFileReference; lastKnownFileType = sourcecode.swift; path = AppDelegate.swift; sourceTree = "<group>"; };
		823DC2542ED12CD4005367A2 /* DeleteFileRequest.swift */ = {isa = PBXFileReference; lastKnownFileType = sourcecode.swift; path = DeleteFileRequest.swift; sourceTree = "<group>"; };
		823DC2822ED1B202005367A2 /* KeychainService.swift */ = {isa = PBXFileReference; lastKnownFileType = sourcecode.swift; path = KeychainService.swift; sourceTree = "<group>"; };
		823DC2842ED27EEF005367A2 /* StoreKitService.swift */ = {isa = PBXFileReference; lastKnownFileType = sourcecode.swift; path = StoreKitService.swift; sourceTree = "<group>"; };
		823DC2862ED28B15005367A2 /* DataBaseModel.swift */ = {isa = PBXFileReference; lastKnownFileType = sourcecode.swift; path = DataBaseModel.swift; sourceTree = "<group>"; };
		823DC2882ED28B48005367A2 /* AppConfigResponse.swift */ = {isa = PBXFileReference; lastKnownFileType = sourcecode.swift; path = AppConfigResponse.swift; sourceTree = "<group>"; };
		823DC28A2ED28C21005367A2 /* DataBaseService.swift */ = {isa = PBXFileReference; lastKnownFileType = sourcecode.swift; path = DataBaseService.swift; sourceTree = "<group>"; };
		823DC2942ED29FAB005367A2 /* StoreKitView.swift */ = {isa = PBXFileReference; lastKnownFileType = sourcecode.swift; path = StoreKitView.swift; sourceTree = "<group>"; };
		8250E2C92EDFC7E600A81E91 /* AppearenceConfig.swift */ = {isa = PBXFileReference; lastKnownFileType = sourcecode.swift; path = AppearenceConfig.swift; sourceTree = "<group>"; };
		8250E2CB2EDFDD2C00A81E91 /* AppConfigRequest.swift */ = {isa = PBXFileReference; lastKnownFileType = sourcecode.swift; path = AppConfigRequest.swift; sourceTree = "<group>"; };
		8250E2CD2EDFEB3E00A81E91 /* ErrorViewModifier.swift */ = {isa = PBXFileReference; lastKnownFileType = sourcecode.swift; path = ErrorViewModifier.swift; sourceTree = "<group>"; };
		8250E2CF2EDFF64800A81E91 /* NoDataView.swift */ = {isa = PBXFileReference; lastKnownFileType = sourcecode.swift; path = NoDataView.swift; sourceTree = "<group>"; };
		8250E2E52EE0023B00A81E91 /* AppLaunchView.swift */ = {isa = PBXFileReference; lastKnownFileType = sourcecode.swift; path = AppLaunchView.swift; sourceTree = "<group>"; };
		8250E2E72EE0056400A81E91 /* NotificationCenterConfig.swift */ = {isa = PBXFileReference; lastKnownFileType = sourcecode.swift; path = NotificationCenterConfig.swift; sourceTree = "<group>"; };
		8250E2E92EE0076900A81E91 /* NSError.swift */ = {isa = PBXFileReference; lastKnownFileType = sourcecode.swift; path = NSError.swift; sourceTree = "<group>"; };
		8255118C2ED9D59900C4094F /* SidebarView.swift */ = {isa = PBXFileReference; lastKnownFileType = sourcecode.swift; path = SidebarView.swift; sourceTree = "<group>"; };
		825511A22EDB356400C4094F /* BlurView.swift */ = {isa = PBXFileReference; lastKnownFileType = sourcecode.swift; path = BlurView.swift; sourceTree = "<group>"; };
		8261FB712EE1B85F00045643 /* DeleteAccountRequest.swift */ = {isa = PBXFileReference; lastKnownFileType = sourcecode.swift; path = DeleteAccountRequest.swift; sourceTree = "<group>"; };
		8262A57F2ED7F457005188F2 /* SignInService.swift */ = {isa = PBXFileReference; lastKnownFileType = sourcecode.swift; path = SignInService.swift; sourceTree = "<group>"; };
		8262A5842ED7F4A1005188F2 /* AppleSignInService.swift */ = {isa = PBXFileReference; lastKnownFileType = sourcecode.swift; path = AppleSignInService.swift; sourceTree = "<group>"; };
		8262A59A2ED7F87D005188F2 /* ClearBackgroundView.swift */ = {isa = PBXFileReference; lastKnownFileType = sourcecode.swift; path = ClearBackgroundView.swift; sourceTree = "<group>"; };
		8262A59C2ED7F992005188F2 /* SignInWithAppleButton.swift */ = {isa = PBXFileReference; lastKnownFileType = sourcecode.swift; path = SignInWithAppleButton.swift; sourceTree = "<group>"; };
		8268DBDA2ED783AB004FC985 /* PHPhotoLibraryModifierService.swift */ = {isa = PBXFileReference; lastKnownFileType = sourcecode.swift; path = PHPhotoLibraryModifierService.swift; sourceTree = "<group>"; };
		8268DBDD2ED796BB004FC985 /* CachedAsyncImageViewModel.swift */ = {isa = PBXFileReference; lastKnownFileType = sourcecode.swift; path = CachedAsyncImageViewModel.swift; sourceTree = "<group>"; };
		8268DBE02ED7CCD5004FC985 /* UserModel.swift */ = {isa = PBXFileReference; lastKnownFileType = sourcecode.swift; path = UserModel.swift; sourceTree = "<group>"; };
		826E6FDC2ED8DCAE00DE98BB /* DragAndDropModifier.swift */ = {isa = PBXFileReference; lastKnownFileType = sourcecode.swift; path = DragAndDropModifier.swift; sourceTree = "<group>"; };
		826E6FDE2ED93B6C00DE98BB /* RootAlertConfigModifier.swift */ = {isa = PBXFileReference; lastKnownFileType = sourcecode.swift; path = RootAlertConfigModifier.swift; sourceTree = "<group>"; };
		827162042ECACBFC00E52013 /* UIWindow.swift */ = {isa = PBXFileReference; lastKnownFileType = sourcecode.swift; path = UIWindow.swift; sourceTree = "<group>"; };
		827162072ECACFF700E52013 /* FileListView.swift */ = {isa = PBXFileReference; lastKnownFileType = sourcecode.swift; path = FileListView.swift; sourceTree = "<group>"; };
		8271620A2ECAD02700E52013 /* FileListViewModel.swift */ = {isa = PBXFileReference; lastKnownFileType = sourcecode.swift; path = FileListViewModel.swift; sourceTree = "<group>"; };
		8271620D2ECAFB2B00E52013 /* RequestType.swift */ = {isa = PBXFileReference; lastKnownFileType = sourcecode.swift; path = RequestType.swift; sourceTree = "<group>"; };
		8271622A2ECB095800E52013 /* ViewSizeReaderModifier.swift */ = {isa = PBXFileReference; lastKnownFileType = sourcecode.swift; path = ViewSizeReaderModifier.swift; sourceTree = "<group>"; };
		827162412ECB222900E52013 /* PhotoLibraryPickerView.swift */ = {isa = PBXFileReference; lastKnownFileType = sourcecode.swift; path = PhotoLibraryPickerView.swift; sourceTree = "<group>"; };
		8271624E2ECBA81B00E52013 /* CachedAsyncImage.swift */ = {isa = PBXFileReference; lastKnownFileType = sourcecode.swift; path = CachedAsyncImage.swift; sourceTree = "<group>"; };
		827162502ECBA8C000E52013 /* FetchImageRequest.swift */ = {isa = PBXFileReference; lastKnownFileType = sourcecode.swift; path = FetchImageRequest.swift; sourceTree = "<group>"; };
		828FC26B2EDBCD7500374FDE /* CircularButtonModifier.swift */ = {isa = PBXFileReference; lastKnownFileType = sourcecode.swift; path = CircularButtonModifier.swift; sourceTree = "<group>"; };
		82909A672ED53FF200BF9548 /* LoaderView.swift */ = {isa = PBXFileReference; lastKnownFileType = sourcecode.swift; path = LoaderView.swift; sourceTree = "<group>"; };
		82909A692ED5418700BF9548 /* ServiceConfig.swift */ = {isa = PBXFileReference; lastKnownFileType = sourcecode.swift; path = ServiceConfig.swift; sourceTree = "<group>"; };
		82909A6B2ED541E900BF9548 /* WasabiConfig.swift */ = {isa = PBXFileReference; lastKnownFileType = sourcecode.swift; path = WasabiConfig.swift; sourceTree = "<group>"; };
		82909A6D2ED542A200BF9548 /* WasabiService.swift */ = {isa = PBXFileReference; lastKnownFileType = sourcecode.swift; path = WasabiService.swift; sourceTree = "<group>"; };
		82909A702ED5607700BF9548 /* ArrowShape.swift */ = {isa = PBXFileReference; lastKnownFileType = sourcecode.swift; path = ArrowShape.swift; sourceTree = "<group>"; };
		82909A732ED5717800BF9548 /* UploadComponentShape.swift */ = {isa = PBXFileReference; lastKnownFileType = sourcecode.swift; path = UploadComponentShape.swift; sourceTree = "<group>"; };
		82909A752ED571E300BF9548 /* CloudShape.swift */ = {isa = PBXFileReference; lastKnownFileType = sourcecode.swift; path = CloudShape.swift; sourceTree = "<group>"; };
		82909A772ED574D200BF9548 /* UploadIconView.swift */ = {isa = PBXFileReference; lastKnownFileType = sourcecode.swift; path = UploadIconView.swift; sourceTree = "<group>"; };
		82909A792ED59A4800BF9548 /* CheckmarkShape.swift */ = {isa = PBXFileReference; lastKnownFileType = sourcecode.swift; path = CheckmarkShape.swift; sourceTree = "<group>"; };
		82909A7B2ED5B42000BF9548 /* SaveIconView.swift */ = {isa = PBXFileReference; lastKnownFileType = sourcecode.swift; path = SaveIconView.swift; sourceTree = "<group>"; };
		82909A7E2ED5BCB900BF9548 /* IconViewProtocol.swift */ = {isa = PBXFileReference; lastKnownFileType = sourcecode.swift; path = IconViewProtocol.swift; sourceTree = "<group>"; };
		82909A812ED5BD2400BF9548 /* IconViewModel.swift */ = {isa = PBXFileReference; lastKnownFileType = sourcecode.swift; path = IconViewModel.swift; sourceTree = "<group>"; };
		82909A832ED5E9F300BF9548 /* TrashShape.swift */ = {isa = PBXFileReference; lastKnownFileType = sourcecode.swift; path = TrashShape.swift; sourceTree = "<group>"; };
		82909A852ED5EA5500BF9548 /* TrashIconView.swift */ = {isa = PBXFileReference; lastKnownFileType = sourcecode.swift; path = TrashIconView.swift; sourceTree = "<group>"; };
		82909A872ED658E700BF9548 /* TrashInsiderComponentShape.swift */ = {isa = PBXFileReference; lastKnownFileType = sourcecode.swift; path = TrashInsiderComponentShape.swift; sourceTree = "<group>"; };
		82909A892ED66BD200BF9548 /* AuthorizationFieldsView.swift */ = {isa = PBXFileReference; lastKnownFileType = sourcecode.swift; path = AuthorizationFieldsView.swift; sourceTree = "<group>"; };
		82909A8B2ED6A16300BF9548 /* LoadingButtonModifier.swift */ = {isa = PBXFileReference; lastKnownFileType = sourcecode.swift; path = LoadingButtonModifier.swift; sourceTree = "<group>"; };
		82909A8D2ED72F0200BF9548 /* AuthorizationViewModel.swift */ = {isa = PBXFileReference; lastKnownFileType = sourcecode.swift; path = AuthorizationViewModel.swift; sourceTree = "<group>"; };
		82C69F562EE2D31700D733D2 /* Keys.swift */ = {isa = PBXFileReference; lastKnownFileType = sourcecode.swift; path = Keys.swift; sourceTree = "<group>"; };
		82D45BAE2EDCDD35000DF5D6 /* MessageStaticView.swift */ = {isa = PBXFileReference; lastKnownFileType = sourcecode.swift; path = MessageStaticView.swift; sourceTree = "<group>"; };
		82D7F4BC2ECA813300A44A98 /* GalaryCloud.app */ = {isa = PBXFileReference; explicitFileType = wrapper.application; includeInIndex = 0; path = GalaryCloud.app; sourceTree = BUILT_PRODUCTS_DIR; };
		82D7F4C92ECA813500A44A98 /* GalaryCloudTests.xctest */ = {isa = PBXFileReference; explicitFileType = wrapper.cfbundle; includeInIndex = 0; path = GalaryCloudTests.xctest; sourceTree = BUILT_PRODUCTS_DIR; };
		82D7F4D32ECA813500A44A98 /* GalaryCloudUITests.xctest */ = {isa = PBXFileReference; explicitFileType = wrapper.cfbundle; includeInIndex = 0; path = GalaryCloudUITests.xctest; sourceTree = BUILT_PRODUCTS_DIR; };
		82D7F4EF2ECA82C300A44A98 /* Codable+Decodable.swift */ = {isa = PBXFileReference; lastKnownFileType = sourcecode.swift; path = "Codable+Decodable.swift"; sourceTree = "<group>"; };
		82D7F4F12ECA82C300A44A98 /* Assets.xcassets */ = {isa = PBXFileReference; lastKnownFileType = folder.assetcatalog; path = Assets.xcassets; sourceTree = "<group>"; };
		82D7F4F22ECA82C300A44A98 /* HomeView.swift */ = {isa = PBXFileReference; lastKnownFileType = sourcecode.swift; path = HomeView.swift; sourceTree = "<group>"; };
		82D7F4F32ECA82C300A44A98 /* GalaryCloudApp.swift */ = {isa = PBXFileReference; lastKnownFileType = sourcecode.swift; path = GalaryCloudApp.swift; sourceTree = "<group>"; };
		82D7F4F92ECA82C900A44A98 /* GalaryCloudTests.swift */ = {isa = PBXFileReference; lastKnownFileType = sourcecode.swift; path = GalaryCloudTests.swift; sourceTree = "<group>"; };
		82D7F4FC2ECA82CF00A44A98 /* GalaryCloudUITests.swift */ = {isa = PBXFileReference; lastKnownFileType = sourcecode.swift; path = GalaryCloudUITests.swift; sourceTree = "<group>"; };
		82D7F4FD2ECA82CF00A44A98 /* GalaryCloudUITestsLaunchTests.swift */ = {isa = PBXFileReference; lastKnownFileType = sourcecode.swift; path = GalaryCloudUITestsLaunchTests.swift; sourceTree = "<group>"; };
		82D7F5052ECA836D00A44A98 /* FetchFilesResponse.swift */ = {isa = PBXFileReference; lastKnownFileType = sourcecode.swift; path = FetchFilesResponse.swift; sourceTree = "<group>"; };
		82D7F5072ECA837700A44A98 /* FetchFilesRequest.swift */ = {isa = PBXFileReference; lastKnownFileType = sourcecode.swift; path = FetchFilesRequest.swift; sourceTree = "<group>"; };
		82D7F50D2ECA841A00A44A98 /* BaseResponse.swift */ = {isa = PBXFileReference; lastKnownFileType = sourcecode.swift; path = BaseResponse.swift; sourceTree = "<group>"; };
		82D7F50F2ECA843100A44A98 /* ErrorResponse.swift */ = {isa = PBXFileReference; lastKnownFileType = sourcecode.swift; path = ErrorResponse.swift; sourceTree = "<group>"; };
		82D7F5112ECA855A00A44A98 /* LoginRequest.swift */ = {isa = PBXFileReference; lastKnownFileType = sourcecode.swift; path = LoginRequest.swift; sourceTree = "<group>"; };
		82D7F5132ECA85AB00A44A98 /* CreateUpdateAccountRequest.swift */ = {isa = PBXFileReference; lastKnownFileType = sourcecode.swift; path = CreateUpdateAccountRequest.swift; sourceTree = "<group>"; };
		82D7F5152ECA861600A44A98 /* Requestable.swift */ = {isa = PBXFileReference; lastKnownFileType = sourcecode.swift; path = Requestable.swift; sourceTree = "<group>"; };
		82D7F5172ECA8D2800A44A98 /* Keys.swift */ = {isa = PBXFileReference; lastKnownFileType = sourcecode.swift; path = Keys.swift; sourceTree = "<group>"; };
		82D7F5192ECA8EF000A44A98 /* URLSession.swift */ = {isa = PBXFileReference; lastKnownFileType = sourcecode.swift; path = URLSession.swift; sourceTree = "<group>"; };
		82D7F51C2ECA91E900A44A98 /* UploadingProgressView.swift */ = {isa = PBXFileReference; lastKnownFileType = sourcecode.swift; path = UploadingProgressView.swift; sourceTree = "<group>"; };
		82D7F51E2ECA93DC00A44A98 /* URLRequest.swift */ = {isa = PBXFileReference; lastKnownFileType = sourcecode.swift; path = URLRequest.swift; sourceTree = "<group>"; };
		82D7F5262ECAAF8700A44A98 /* CreateFileRequest.swift */ = {isa = PBXFileReference; lastKnownFileType = sourcecode.swift; path = CreateFileRequest.swift; sourceTree = "<group>"; };
		82D7F5292ECAB10100A44A98 /* MessageModel.swift */ = {isa = PBXFileReference; lastKnownFileType = sourcecode.swift; path = MessageModel.swift; sourceTree = "<group>"; };
		82E06A0A2ECD100E0003474F /* PhotoPreviewView.swift */ = {isa = PBXFileReference; lastKnownFileType = sourcecode.swift; path = PhotoPreviewView.swift; sourceTree = "<group>"; };
		82E06A202ECE503D0003474F /* DirectorySizeRequest.swift */ = {isa = PBXFileReference; lastKnownFileType = sourcecode.swift; path = DirectorySizeRequest.swift; sourceTree = "<group>"; };
		82E06A222ECE50760003474F /* DirectorySizeResponse.swift */ = {isa = PBXFileReference; lastKnownFileType = sourcecode.swift; path = DirectorySizeResponse.swift; sourceTree = "<group>"; };
/* End PBXFileReference section */

/* Begin PBXFrameworksBuildPhase section */
		82D7F4B92ECA813300A44A98 /* Frameworks */ = {
			isa = PBXFrameworksBuildPhase;
			buildActionMask = 2147483647;
			files = (
				82909A642ED4E2A700BF9548 /* AWSSES in Frameworks */,
				820A9D522ED8157F00498E35 /* Lottie in Frameworks */,
				82909A602ED4E2A700BF9548 /* AWSEC2 in Frameworks */,
				82909A5C2ED4E2A700BF9548 /* AWSConnect in Frameworks */,
				82909A662ED4E2A700BF9548 /* AWSSNS in Frameworks */,
				82909A622ED4E2A700BF9548 /* AWSS3 in Frameworks */,
				82909A5E2ED4E2A700BF9548 /* AWSCore in Frameworks */,
			);
			runOnlyForDeploymentPostprocessing = 0;
		};
		82D7F4C62ECA813500A44A98 /* Frameworks */ = {
			isa = PBXFrameworksBuildPhase;
			buildActionMask = 2147483647;
			files = (
			);
			runOnlyForDeploymentPostprocessing = 0;
		};
		82D7F4D02ECA813500A44A98 /* Frameworks */ = {
			isa = PBXFrameworksBuildPhase;
			buildActionMask = 2147483647;
			files = (
			);
			runOnlyForDeploymentPostprocessing = 0;
		};
/* End PBXFrameworksBuildPhase section */

/* Begin PBXGroup section */
		820A9D4D2ED80B5F00498E35 /* SidebarModifier */ = {
			isa = PBXGroup;
			children = (
				820A9D492ED80B2700498E35 /* SidebarModifier.swift */,
				820A9D4B2ED80B4500498E35 /* PinchMaskedScrollModifier.swift */,
			);
			path = SidebarModifier;
			sourceTree = "<group>";
		};
		8230C9A22EDDD2ED00CF0B5F /* lottileFiles */ = {
			isa = PBXGroup;
			children = (
				8230C99B2EDDD2E300CF0B5F /* giftDiscount.json */,
				8230C9C42EDF3BDA00CF0B5F /* cloudStorage.json */,
				8230C9C52EDF3BDA00CF0B5F /* save.json */,
				8230C9BD2EDF3AB400CF0B5F /* morphing.json */,
				8230C99D2EDDD2E300CF0B5F /* uploading.json */,
			);
			path = lottileFiles;
			sourceTree = "<group>";
		};
		8230C9A72EDEFA7500CF0B5F /* SidebarView */ = {
			isa = PBXGroup;
			children = (
				8255118C2ED9D59900C4094F /* SidebarView.swift */,
				823DC2942ED29FAB005367A2 /* StoreKitView.swift */,
				8230C9A32EDEEFAB00CF0B5F /* SupportView.swift */,
				8230C9A52EDEFA5D00CF0B5F /* HTMLBlockPresenterView.swift */,
			);
			path = SidebarView;
			sourceTree = "<group>";
		};
		8232D4C32ED37CFA004A67EE /* AuthorizationView */ = {
			isa = PBXGroup;
			children = (
				8268DBDF2ED797E0004FC985 /* AuthorizationView */,
				82909A892ED66BD200BF9548 /* AuthorizationFieldsView.swift */,
				8232D4C42ED37D5D004A67EE /* AppFeaturesView.swift */,
			);
			path = AuthorizationView;
			sourceTree = "<group>";
		};
		8262A5812ED7F45C005188F2 /* SignInService */ = {
			isa = PBXGroup;
			children = (
				8262A57F2ED7F457005188F2 /* SignInService.swift */,
				8262A5842ED7F4A1005188F2 /* AppleSignInService.swift */,
			);
			path = SignInService;
			sourceTree = "<group>";
		};
		8268DBDC2ED796B0004FC985 /* CachedAsyncImage */ = {
			isa = PBXGroup;
			children = (
				8271624E2ECBA81B00E52013 /* CachedAsyncImage.swift */,
				8268DBDD2ED796BB004FC985 /* CachedAsyncImageViewModel.swift */,
			);
			path = CachedAsyncImage;
			sourceTree = "<group>";
		};
		8268DBDF2ED797E0004FC985 /* AuthorizationView */ = {
			isa = PBXGroup;
			children = (
				8232D4C12ED37841004A67EE /* AuthorizationView.swift */,
				82909A8D2ED72F0200BF9548 /* AuthorizationViewModel.swift */,
			);
			path = AuthorizationView;
			sourceTree = "<group>";
		};
		827162062ECACF0500E52013 /* Component */ = {
			isa = PBXGroup;
			children = (
				82D7F51C2ECA91E900A44A98 /* UploadingProgressView.swift */,
				8268DBDC2ED796B0004FC985 /* CachedAsyncImage */,
				82909A672ED53FF200BF9548 /* LoaderView.swift */,
				820A9D552ED816F600498E35 /* LottieView.swift */,
				820A9D572ED8172000498E35 /* WebView.swift */,
				8262A59A2ED7F87D005188F2 /* ClearBackgroundView.swift */,
				825511A22EDB356400C4094F /* BlurView.swift */,
				8262A59C2ED7F992005188F2 /* SignInWithAppleButton.swift */,
				82909A7D2ED5B42700BF9548 /* IconView */,
			);
			path = Component;
			sourceTree = "<group>";
		};
		827162092ECAD01500E52013 /* FileListView */ = {
			isa = PBXGroup;
			children = (
				827162072ECACFF700E52013 /* FileListView.swift */,
				8271620C2ECAD1E400E52013 /* ViewModel */,
			);
			path = FileListView;
			sourceTree = "<group>";
		};
		8271620C2ECAD1E400E52013 /* ViewModel */ = {
			isa = PBXGroup;
			children = (
				8271620A2ECAD02700E52013 /* FileListViewModel.swift */,
			);
			path = ViewModel;
			sourceTree = "<group>";
		};
		8271620F2ECAFB4100E52013 /* Network */ = {
			isa = PBXGroup;
			children = (
				8271620D2ECAFB2B00E52013 /* RequestType.swift */,
				82D7F5152ECA861600A44A98 /* Requestable.swift */,
			);
			path = Network;
			sourceTree = "<group>";
		};
		8271622C2ECB096400E52013 /* ViewModifier */ = {
			isa = PBXGroup;
			children = (
				8271622A2ECB095800E52013 /* ViewSizeReaderModifier.swift */,
				826E6FDC2ED8DCAE00DE98BB /* DragAndDropModifier.swift */,
				8250E2CD2EDFEB3E00A81E91 /* ErrorViewModifier.swift */,
				828FC26D2EDBCFA100374FDE /* ButtonModifier */,
				826E6FDE2ED93B6C00DE98BB /* RootAlertConfigModifier.swift */,
				820A9D4D2ED80B5F00498E35 /* SidebarModifier */,
			);
			path = ViewModifier;
			sourceTree = "<group>";
		};
		827162432ECB436D00E52013 /* Reusable */ = {
			isa = PBXGroup;
			children = (
				827162412ECB222900E52013 /* PhotoLibraryPickerView.swift */,
				82E06A0A2ECD100E0003474F /* PhotoPreviewView.swift */,
				8250E2CF2EDFF64800A81E91 /* NoDataView.swift */,
				8230C9AC2EDF130E00CF0B5F /* ShareView.swift */,
				82D45BAE2EDCDD35000DF5D6 /* MessageStaticView.swift */,
				8250E2E52EE0023B00A81E91 /* AppLaunchView.swift */,
			);
			path = Reusable;
			sourceTree = "<group>";
		};
		828FC26D2EDBCFA100374FDE /* ButtonModifier */ = {
			isa = PBXGroup;
			children = (
				828FC26B2EDBCD7500374FDE /* CircularButtonModifier.swift */,
				8230C9C82EDF872200CF0B5F /* LinkButtonModifier.swift */,
				82909A8B2ED6A16300BF9548 /* LoadingButtonModifier.swift */,
			);
			path = ButtonModifier;
			sourceTree = "<group>";
		};
		82909A722ED5638700BF9548 /* Shape */ = {
			isa = PBXGroup;
			children = (
				82909A702ED5607700BF9548 /* ArrowShape.swift */,
				82909A752ED571E300BF9548 /* CloudShape.swift */,
				82909A732ED5717800BF9548 /* UploadComponentShape.swift */,
				82909A832ED5E9F300BF9548 /* TrashShape.swift */,
				82909A872ED658E700BF9548 /* TrashInsiderComponentShape.swift */,
				82909A792ED59A4800BF9548 /* CheckmarkShape.swift */,
				820A9D472ED80B0A00498E35 /* MenuIconShape.swift */,
			);
			path = Shape;
			sourceTree = "<group>";
		};
		82909A7D2ED5B42700BF9548 /* IconView */ = {
			isa = PBXGroup;
			children = (
				82909A802ED5BD1B00BF9548 /* IconViewProtocol */,
				82909A772ED574D200BF9548 /* UploadIconView.swift */,
				82909A7B2ED5B42000BF9548 /* SaveIconView.swift */,
				82909A852ED5EA5500BF9548 /* TrashIconView.swift */,
			);
			path = IconView;
			sourceTree = "<group>";
		};
		82909A802ED5BD1B00BF9548 /* IconViewProtocol */ = {
			isa = PBXGroup;
			children = (
				82909A7E2ED5BCB900BF9548 /* IconViewProtocol.swift */,
				82909A812ED5BD2400BF9548 /* IconViewModel.swift */,
			);
			path = IconViewProtocol;
			sourceTree = "<group>";
		};
		82D7F4B32ECA813300A44A98 = {
			isa = PBXGroup;
			children = (
				82D7F4F42ECA82C300A44A98 /* GalaryCloud */,
				82D7F4FA2ECA82C900A44A98 /* GalaryCloudTests */,
				82D7F4FE2ECA82CF00A44A98 /* GalaryCloudUITests */,
				82D7F4BD2ECA813300A44A98 /* Products */,
			);
			sourceTree = "<group>";
		};
		82D7F4BD2ECA813300A44A98 /* Products */ = {
			isa = PBXGroup;
			children = (
				82D7F4BC2ECA813300A44A98 /* GalaryCloud.app */,
				82D7F4C92ECA813500A44A98 /* GalaryCloudTests.xctest */,
				82D7F4D32ECA813500A44A98 /* GalaryCloudUITests.xctest */,
			);
			name = Products;
			sourceTree = "<group>";
		};
		82D7F4F02ECA82C300A44A98 /* Extension */ = {
			isa = PBXGroup;
			children = (
				82D7F4EF2ECA82C300A44A98 /* Codable+Decodable.swift */,
				827162042ECACBFC00E52013 /* UIWindow.swift */,
				82D7F5192ECA8EF000A44A98 /* URLSession.swift */,
				82D7F51E2ECA93DC00A44A98 /* URLRequest.swift */,
				8230C9AE2EDF13FF00CF0B5F /* String.swift */,
				8230C9CA2EDF894700CF0B5F /* UIImage.swift */,
				8250E2E92EE0076900A81E91 /* NSError.swift */,
				823DC1F82ED0EFFF005367A2 /* Data.swift */,
			);
			path = Extension;
			sourceTree = "<group>";
		};
		82D7F4F42ECA82C300A44A98 /* GalaryCloud */ = {
			isa = PBXGroup;
			children = (
				823DC1FB2ED109B1005367A2 /* Info.plist */,
				823DC1FA2ED109A4005367A2 /* GalaryCloud.entitlements */,
				82D7F4F32ECA82C300A44A98 /* GalaryCloudApp.swift */,
				823DC2522ED10AA3005367A2 /* AppDelegate.swift */,
				82D7F52D2ECAB1DA00A44A98 /* AppConfig */,
				82D7F5042ECA82F600A44A98 /* Service */,
				82D7F5092ECA837E00A44A98 /* Model */,
				82D7F5012ECA82D900A44A98 /* View */,
				82909A722ED5638700BF9548 /* Shape */,
				8271622C2ECB096400E52013 /* ViewModifier */,
				82D7F4F02ECA82C300A44A98 /* Extension */,
				82D7F4F12ECA82C300A44A98 /* Assets.xcassets */,
				8230C9A22EDDD2ED00CF0B5F /* lottileFiles */,
			);
			path = GalaryCloud;
			sourceTree = "<group>";
		};
		82D7F4FA2ECA82C900A44A98 /* GalaryCloudTests */ = {
			isa = PBXGroup;
			children = (
				82D7F4F92ECA82C900A44A98 /* GalaryCloudTests.swift */,
			);
			path = GalaryCloudTests;
			sourceTree = "<group>";
		};
		82D7F4FE2ECA82CF00A44A98 /* GalaryCloudUITests */ = {
			isa = PBXGroup;
			children = (
				82D7F4FC2ECA82CF00A44A98 /* GalaryCloudUITests.swift */,
				82D7F4FD2ECA82CF00A44A98 /* GalaryCloudUITestsLaunchTests.swift */,
			);
			path = GalaryCloudUITests;
			sourceTree = "<group>";
		};
		82D7F5012ECA82D900A44A98 /* View */ = {
			isa = PBXGroup;
			children = (
				82D7F4F22ECA82C300A44A98 /* HomeView.swift */,
				8230C9A72EDEFA7500CF0B5F /* SidebarView */,
				8232D4C32ED37CFA004A67EE /* AuthorizationView */,
				827162092ECAD01500E52013 /* FileListView */,
				827162062ECACF0500E52013 /* Component */,
				827162432ECB436D00E52013 /* Reusable */,
			);
			path = View;
			sourceTree = "<group>";
		};
		82D7F5042ECA82F600A44A98 /* Service */ = {
			isa = PBXGroup;
			children = (
				823DC2822ED1B202005367A2 /* KeychainService.swift */,
				823DC28A2ED28C21005367A2 /* DataBaseService.swift */,
				82909A6D2ED542A200BF9548 /* WasabiService.swift */,
				8268DBDA2ED783AB004FC985 /* PHPhotoLibraryModifierService.swift */,
				823DC2842ED27EEF005367A2 /* StoreKitService.swift */,
				8230C9CC2EDF896600CF0B5F /* FileManagerService.swift */,
				8262A5812ED7F45C005188F2 /* SignInService */,
				8271620F2ECAFB4100E52013 /* Network */,
			);
			path = Service;
			sourceTree = "<group>";
		};
		82D7F5092ECA837E00A44A98 /* Model */ = {
			isa = PBXGroup;
			children = (
				82D7F5292ECAB10100A44A98 /* MessageModel.swift */,
				823DC2862ED28B15005367A2 /* DataBaseModel.swift */,
				8268DBE02ED7CCD5004FC985 /* UserModel.swift */,
				82D7F50A2ECA838600A44A98 /* Network */,
			);
			path = Model;
			sourceTree = "<group>";
		};
		82D7F50A2ECA838600A44A98 /* Network */ = {
			isa = PBXGroup;
			children = (
				82D7F50B2ECA839300A44A98 /* Response */,
				82D7F50C2ECA839B00A44A98 /* Request */,
			);
			path = Network;
			sourceTree = "<group>";
		};
		82D7F50B2ECA839300A44A98 /* Response */ = {
			isa = PBXGroup;
			children = (
				82D7F5052ECA836D00A44A98 /* FetchFilesResponse.swift */,
				82E06A222ECE50760003474F /* DirectorySizeResponse.swift */,
				823DC2882ED28B48005367A2 /* AppConfigResponse.swift */,
				82D7F5282ECAB06800A44A98 /* Base */,
			);
			path = Response;
			sourceTree = "<group>";
		};
		82D7F50C2ECA839B00A44A98 /* Request */ = {
			isa = PBXGroup;
			children = (
				82D7F5072ECA837700A44A98 /* FetchFilesRequest.swift */,
				82D7F5112ECA855A00A44A98 /* LoginRequest.swift */,
				82D7F5132ECA85AB00A44A98 /* CreateUpdateAccountRequest.swift */,
				8250E2CB2EDFDD2C00A81E91 /* AppConfigRequest.swift */,
				82D7F5262ECAAF8700A44A98 /* CreateFileRequest.swift */,
				8230C9A82EDEFBF800CF0B5F /* SupportRequest.swift */,
				8230C9AA2EDEFC9800CF0B5F /* CodeRequest.swift */,
				823DC2542ED12CD4005367A2 /* DeleteFileRequest.swift */,
				8261FB712EE1B85F00045643 /* DeleteAccountRequest.swift */,
				827162502ECBA8C000E52013 /* FetchImageRequest.swift */,
				82E06A202ECE503D0003474F /* DirectorySizeRequest.swift */,
			);
			path = Request;
			sourceTree = "<group>";
		};
		82D7F5282ECAB06800A44A98 /* Base */ = {
			isa = PBXGroup;
			children = (
				82D7F50D2ECA841A00A44A98 /* BaseResponse.swift */,
				82D7F50F2ECA843100A44A98 /* ErrorResponse.swift */,
			);
			path = Base;
			sourceTree = "<group>";
		};
		82D7F52D2ECAB1DA00A44A98 /* AppConfig */ = {
			isa = PBXGroup;
			children = (
				82C69F562EE2D31700D733D2 /* Keys.swift */,
				82D7F5172ECA8D2800A44A98 /* Keys.swift */,
				82909A692ED5418700BF9548 /* ServiceConfig.swift */,
				8250E2C92EDFC7E600A81E91 /* AppearenceConfig.swift */,
				8250E2E72EE0056400A81E91 /* NotificationCenterConfig.swift */,
				82909A6B2ED541E900BF9548 /* WasabiConfig.swift */,
			);
			path = AppConfig;
			sourceTree = "<group>";
		};
/* End PBXGroup section */

/* Begin PBXNativeTarget section */
		82D7F4BB2ECA813300A44A98 /* GalaryCloud */ = {
			isa = PBXNativeTarget;
			buildConfigurationList = 82D7F4DD2ECA813500A44A98 /* Build configuration list for PBXNativeTarget "GalaryCloud" */;
			buildPhases = (
				82D7F4B82ECA813300A44A98 /* Sources */,
				82D7F4B92ECA813300A44A98 /* Frameworks */,
				82D7F4BA2ECA813300A44A98 /* Resources */,
			);
			buildRules = (
			);
			dependencies = (
			);
			name = GalaryCloud;
			packageProductDependencies = (
				82909A5B2ED4E2A700BF9548 /* AWSConnect */,
				82909A5D2ED4E2A700BF9548 /* AWSCore */,
				82909A5F2ED4E2A700BF9548 /* AWSEC2 */,
				82909A612ED4E2A700BF9548 /* AWSS3 */,
				82909A632ED4E2A700BF9548 /* AWSSES */,
				82909A652ED4E2A700BF9548 /* AWSSNS */,
				820A9D512ED8157F00498E35 /* Lottie */,
			);
			productName = GalaryCloud;
			productReference = 82D7F4BC2ECA813300A44A98 /* GalaryCloud.app */;
			productType = "com.apple.product-type.application";
		};
		82D7F4C82ECA813500A44A98 /* GalaryCloudTests */ = {
			isa = PBXNativeTarget;
			buildConfigurationList = 82D7F4E02ECA813500A44A98 /* Build configuration list for PBXNativeTarget "GalaryCloudTests" */;
			buildPhases = (
				82D7F4C52ECA813500A44A98 /* Sources */,
				82D7F4C62ECA813500A44A98 /* Frameworks */,
				82D7F4C72ECA813500A44A98 /* Resources */,
			);
			buildRules = (
			);
			dependencies = (
				82D7F4CB2ECA813500A44A98 /* PBXTargetDependency */,
			);
			name = GalaryCloudTests;
			packageProductDependencies = (
			);
			productName = GalaryCloudTests;
			productReference = 82D7F4C92ECA813500A44A98 /* GalaryCloudTests.xctest */;
			productType = "com.apple.product-type.bundle.unit-test";
		};
		82D7F4D22ECA813500A44A98 /* GalaryCloudUITests */ = {
			isa = PBXNativeTarget;
			buildConfigurationList = 82D7F4E32ECA813500A44A98 /* Build configuration list for PBXNativeTarget "GalaryCloudUITests" */;
			buildPhases = (
				82D7F4CF2ECA813500A44A98 /* Sources */,
				82D7F4D02ECA813500A44A98 /* Frameworks */,
				82D7F4D12ECA813500A44A98 /* Resources */,
			);
			buildRules = (
			);
			dependencies = (
				82D7F4D52ECA813500A44A98 /* PBXTargetDependency */,
			);
			name = GalaryCloudUITests;
			packageProductDependencies = (
			);
			productName = GalaryCloudUITests;
			productReference = 82D7F4D32ECA813500A44A98 /* GalaryCloudUITests.xctest */;
			productType = "com.apple.product-type.bundle.ui-testing";
		};
/* End PBXNativeTarget section */

/* Begin PBXProject section */
		82D7F4B42ECA813300A44A98 /* Project object */ = {
			isa = PBXProject;
			attributes = {
				BuildIndependentTargetsInParallel = 1;
				LastSwiftUpdateCheck = 2600;
				LastUpgradeCheck = 2600;
				TargetAttributes = {
					82D7F4BB2ECA813300A44A98 = {
						CreatedOnToolsVersion = 26.0;
					};
					82D7F4C82ECA813500A44A98 = {
						CreatedOnToolsVersion = 26.0;
						TestTargetID = 82D7F4BB2ECA813300A44A98;
					};
					82D7F4D22ECA813500A44A98 = {
						CreatedOnToolsVersion = 26.0;
						TestTargetID = 82D7F4BB2ECA813300A44A98;
					};
				};
			};
			buildConfigurationList = 82D7F4B72ECA813300A44A98 /* Build configuration list for PBXProject "GalaryCloud" */;
			developmentRegion = en;
			hasScannedForEncodings = 0;
			knownRegions = (
				en,
				Base,
			);
			mainGroup = 82D7F4B32ECA813300A44A98;
			minimizedProjectReferenceProxies = 1;
			packageReferences = (
				82909A5A2ED4E2A700BF9548 /* XCRemoteSwiftPackageReference "aws-sdk-ios-spm" */,
				820A9D502ED8157F00498E35 /* XCRemoteSwiftPackageReference "lottie-ios" */,
			);
			preferredProjectObjectVersion = 77;
			productRefGroup = 82D7F4BD2ECA813300A44A98 /* Products */;
			projectDirPath = "";
			projectRoot = "";
			targets = (
				82D7F4BB2ECA813300A44A98 /* GalaryCloud */,
				82D7F4C82ECA813500A44A98 /* GalaryCloudTests */,
				82D7F4D22ECA813500A44A98 /* GalaryCloudUITests */,
			);
		};
/* End PBXProject section */

/* Begin PBXResourcesBuildPhase section */
		82D7F4BA2ECA813300A44A98 /* Resources */ = {
			isa = PBXResourcesBuildPhase;
			buildActionMask = 2147483647;
			files = (
				8230C9BF2EDF3AB400CF0B5F /* morphing.json in Resources */,
				8230C99E2EDDD2E300CF0B5F /* uploading.json in Resources */,
				8230C9C62EDF3BDA00CF0B5F /* cloudStorage.json in Resources */,
				8230C9C72EDF3BDA00CF0B5F /* save.json in Resources */,
				8230C9A12EDDD2E300CF0B5F /* giftDiscount.json in Resources */,
				82D7F4F52ECA82C300A44A98 /* Assets.xcassets in Resources */,
			);
			runOnlyForDeploymentPostprocessing = 0;
		};
		82D7F4C72ECA813500A44A98 /* Resources */ = {
			isa = PBXResourcesBuildPhase;
			buildActionMask = 2147483647;
			files = (
			);
			runOnlyForDeploymentPostprocessing = 0;
		};
		82D7F4D12ECA813500A44A98 /* Resources */ = {
			isa = PBXResourcesBuildPhase;
			buildActionMask = 2147483647;
			files = (
			);
			runOnlyForDeploymentPostprocessing = 0;
		};
/* End PBXResourcesBuildPhase section */

/* Begin PBXSourcesBuildPhase section */
		82D7F4B82ECA813300A44A98 /* Sources */ = {
			isa = PBXSourcesBuildPhase;
			buildActionMask = 2147483647;
			files = (
				82D7F5122ECA855A00A44A98 /* LoginRequest.swift in Sources */,
				82D7F51F2ECA93DC00A44A98 /* URLRequest.swift in Sources */,
				823DC2892ED28B48005367A2 /* AppConfigResponse.swift in Sources */,
				8230C9AF2EDF13FF00CF0B5F /* String.swift in Sources */,
				82909A762ED571E300BF9548 /* CloudShape.swift in Sources */,
				8271620E2ECAFB2B00E52013 /* RequestType.swift in Sources */,
				8230C9C92EDF872200CF0B5F /* LinkButtonModifier.swift in Sources */,
				823DC2872ED28B15005367A2 /* DataBaseModel.swift in Sources */,
				8271622B2ECB095800E52013 /* ViewSizeReaderModifier.swift in Sources */,
				82909A7F2ED5BCB900BF9548 /* IconViewProtocol.swift in Sources */,
				8271620B2ECAD02700E52013 /* FileListViewModel.swift in Sources */,
				82D7F5272ECAAF8700A44A98 /* CreateFileRequest.swift in Sources */,
				82D7F52A2ECAB10100A44A98 /* MessageModel.swift in Sources */,
				8230C9CB2EDF894700CF0B5F /* UIImage.swift in Sources */,
				8262A59B2ED7F87D005188F2 /* ClearBackgroundView.swift in Sources */,
				82909A8A2ED66BD200BF9548 /* AuthorizationFieldsView.swift in Sources */,
				82909A822ED5BD2400BF9548 /* IconViewModel.swift in Sources */,
				82D7F5182ECA8D2800A44A98 /* Keys.swift in Sources */,
				82D7F4F62ECA82C300A44A98 /* Codable+Decodable.swift in Sources */,
				82D7F5062ECA836D00A44A98 /* FetchFilesResponse.swift in Sources */,
				8271624F2ECBA81B00E52013 /* CachedAsyncImage.swift in Sources */,
				823DC2852ED27EEF005367A2 /* StoreKitService.swift in Sources */,
				8230C9CD2EDF896600CF0B5F /* FileManagerService.swift in Sources */,
				8268DBE12ED7CCD5004FC985 /* UserModel.swift in Sources */,
				823DC2552ED12CD4005367A2 /* DeleteFileRequest.swift in Sources */,
				82909A6A2ED5418700BF9548 /* ServiceConfig.swift in Sources */,
				820A9D482ED80B0A00498E35 /* MenuIconShape.swift in Sources */,
				8250E2E82EE0056400A81E91 /* NotificationCenterConfig.swift in Sources */,
				8250E2CA2EDFC7E600A81E91 /* AppearenceConfig.swift in Sources */,
				827162082ECACFF700E52013 /* FileListView.swift in Sources */,
				82909A742ED5717800BF9548 /* UploadComponentShape.swift in Sources */,
				8230C9A62EDEFA5D00CF0B5F /* HTMLBlockPresenterView.swift in Sources */,
				82909A782ED574D200BF9548 /* UploadIconView.swift in Sources */,
				82D7F4F72ECA82C300A44A98 /* HomeView.swift in Sources */,
				8230C9A42EDEEFAB00CF0B5F /* SupportView.swift in Sources */,
				8262A5802ED7F457005188F2 /* SignInService.swift in Sources */,
				826E6FDD2ED8DCAE00DE98BB /* DragAndDropModifier.swift in Sources */,
				82E06A232ECE50760003474F /* DirectorySizeResponse.swift in Sources */,
				82909A682ED53FF200BF9548 /* LoaderView.swift in Sources */,
				827162512ECBA8C000E52013 /* FetchImageRequest.swift in Sources */,
				820A9D582ED8172000498E35 /* WebView.swift in Sources */,
				826E6FDF2ED93B6C00DE98BB /* RootAlertConfigModifier.swift in Sources */,
				8230C9AB2EDEFC9800CF0B5F /* CodeRequest.swift in Sources */,
				8268DBDE2ED796BB004FC985 /* CachedAsyncImageViewModel.swift in Sources */,
				8250E2D02EDFF64800A81E91 /* NoDataView.swift in Sources */,
				82D7F50E2ECA841A00A44A98 /* BaseResponse.swift in Sources */,
				8230C9AD2EDF130E00CF0B5F /* ShareView.swift in Sources */,
				823DC2952ED29FAB005367A2 /* StoreKitView.swift in Sources */,
				828FC26C2EDBCD7500374FDE /* CircularButtonModifier.swift in Sources */,
				827162422ECB222900E52013 /* PhotoLibraryPickerView.swift in Sources */,
				82E06A0B2ECD100E0003474F /* PhotoPreviewView.swift in Sources */,
				825511A32EDB356400C4094F /* BlurView.swift in Sources */,
				8250E2CE2EDFEB3E00A81E91 /* ErrorViewModifier.swift in Sources */,
				820A9D4C2ED80B4500498E35 /* PinchMaskedScrollModifier.swift in Sources */,
				823DC2532ED10AA3005367A2 /* AppDelegate.swift in Sources */,
				823DC1F92ED0EFFF005367A2 /* Data.swift in Sources */,
				82909A7C2ED5B42000BF9548 /* SaveIconView.swift in Sources */,
				82909A7A2ED59A4800BF9548 /* CheckmarkShape.swift in Sources */,
				82909A862ED5EA5500BF9548 /* TrashIconView.swift in Sources */,
				82909A8C2ED6A16300BF9548 /* LoadingButtonModifier.swift in Sources */,
				82909A882ED658E700BF9548 /* TrashInsiderComponentShape.swift in Sources */,
				8261FB722EE1B85F00045643 /* DeleteAccountRequest.swift in Sources */,
				82E06A212ECE503D0003474F /* DirectorySizeRequest.swift in Sources */,
				827162052ECACBFC00E52013 /* UIWindow.swift in Sources */,
				82D7F5142ECA85AB00A44A98 /* CreateUpdateAccountRequest.swift in Sources */,
				8250E2CC2EDFDD2C00A81E91 /* AppConfigRequest.swift in Sources */,
				82909A712ED5607700BF9548 /* ArrowShape.swift in Sources */,
				8255118D2ED9D59900C4094F /* SidebarView.swift in Sources */,
				82D45BAF2EDCDD35000DF5D6 /* MessageStaticView.swift in Sources */,
				823DC2832ED1B202005367A2 /* KeychainService.swift in Sources */,
				8230C9A92EDEFBF800CF0B5F /* SupportRequest.swift in Sources */,
				8250E2E62EE0023B00A81E91 /* AppLaunchView.swift in Sources */,
				82909A842ED5E9F300BF9548 /* TrashShape.swift in Sources */,
				82C69F572EE2D31700D733D2 /* Keys.swift in Sources */,
				82909A8E2ED72F0300BF9548 /* AuthorizationViewModel.swift in Sources */,
				8262A59D2ED7F992005188F2 /* SignInWithAppleButton.swift in Sources */,
				82D7F51A2ECA8EF000A44A98 /* URLSession.swift in Sources */,
				82D7F5082ECA837700A44A98 /* FetchFilesRequest.swift in Sources */,
				82D7F51D2ECA91E900A44A98 /* UploadingProgressView.swift in Sources */,
				82D7F4F82ECA82C300A44A98 /* GalaryCloudApp.swift in Sources */,
				82909A6C2ED541E900BF9548 /* WasabiConfig.swift in Sources */,
				823DC28B2ED28C21005367A2 /* DataBaseService.swift in Sources */,
				82909A6E2ED542A200BF9548 /* WasabiService.swift in Sources */,
				82D7F5162ECA861600A44A98 /* Requestable.swift in Sources */,
				8232D4C52ED37D5D004A67EE /* AppFeaturesView.swift in Sources */,
				8268DBDB2ED783AB004FC985 /* PHPhotoLibraryModifierService.swift in Sources */,
				8232D4C22ED37841004A67EE /* AuthorizationView.swift in Sources */,
				820A9D4A2ED80B2700498E35 /* SidebarModifier.swift in Sources */,
				820A9D562ED816F600498E35 /* LottieView.swift in Sources */,
				8262A5852ED7F4A1005188F2 /* AppleSignInService.swift in Sources */,
				82D7F5102ECA843100A44A98 /* ErrorResponse.swift in Sources */,
				8250E2EA2EE0076900A81E91 /* NSError.swift in Sources */,
			);
			runOnlyForDeploymentPostprocessing = 0;
		};
		82D7F4C52ECA813500A44A98 /* Sources */ = {
			isa = PBXSourcesBuildPhase;
			buildActionMask = 2147483647;
			files = (
				82D7F4FB2ECA82C900A44A98 /* GalaryCloudTests.swift in Sources */,
			);
			runOnlyForDeploymentPostprocessing = 0;
		};
		82D7F4CF2ECA813500A44A98 /* Sources */ = {
			isa = PBXSourcesBuildPhase;
			buildActionMask = 2147483647;
			files = (
				82D7F4FF2ECA82CF00A44A98 /* GalaryCloudUITests.swift in Sources */,
				82D7F5002ECA82CF00A44A98 /* GalaryCloudUITestsLaunchTests.swift in Sources */,
			);
			runOnlyForDeploymentPostprocessing = 0;
		};
/* End PBXSourcesBuildPhase section */

/* Begin PBXTargetDependency section */
		82D7F4CB2ECA813500A44A98 /* PBXTargetDependency */ = {
			isa = PBXTargetDependency;
			target = 82D7F4BB2ECA813300A44A98 /* GalaryCloud */;
			targetProxy = 82D7F4CA2ECA813500A44A98 /* PBXContainerItemProxy */;
		};
		82D7F4D52ECA813500A44A98 /* PBXTargetDependency */ = {
			isa = PBXTargetDependency;
			target = 82D7F4BB2ECA813300A44A98 /* GalaryCloud */;
			targetProxy = 82D7F4D42ECA813500A44A98 /* PBXContainerItemProxy */;
		};
/* End PBXTargetDependency section */

/* Begin XCBuildConfiguration section */
		82D7F4DB2ECA813500A44A98 /* Debug */ = {
			isa = XCBuildConfiguration;
			buildSettings = {
				ALWAYS_SEARCH_USER_PATHS = NO;
				ASSETCATALOG_COMPILER_GENERATE_SWIFT_ASSET_SYMBOL_EXTENSIONS = YES;
				CLANG_ANALYZER_NONNULL = YES;
				CLANG_ANALYZER_NUMBER_OBJECT_CONVERSION = YES_AGGRESSIVE;
				CLANG_CXX_LANGUAGE_STANDARD = "gnu++20";
				CLANG_ENABLE_MODULES = YES;
				CLANG_ENABLE_OBJC_ARC = YES;
				CLANG_ENABLE_OBJC_WEAK = YES;
				CLANG_WARN_BLOCK_CAPTURE_AUTORELEASING = YES;
				CLANG_WARN_BOOL_CONVERSION = YES;
				CLANG_WARN_COMMA = YES;
				CLANG_WARN_CONSTANT_CONVERSION = YES;
				CLANG_WARN_DEPRECATED_OBJC_IMPLEMENTATIONS = YES;
				CLANG_WARN_DIRECT_OBJC_ISA_USAGE = YES_ERROR;
				CLANG_WARN_DOCUMENTATION_COMMENTS = YES;
				CLANG_WARN_EMPTY_BODY = YES;
				CLANG_WARN_ENUM_CONVERSION = YES;
				CLANG_WARN_INFINITE_RECURSION = YES;
				CLANG_WARN_INT_CONVERSION = YES;
				CLANG_WARN_NON_LITERAL_NULL_CONVERSION = YES;
				CLANG_WARN_OBJC_IMPLICIT_RETAIN_SELF = YES;
				CLANG_WARN_OBJC_LITERAL_CONVERSION = YES;
				CLANG_WARN_OBJC_ROOT_CLASS = YES_ERROR;
				CLANG_WARN_QUOTED_INCLUDE_IN_FRAMEWORK_HEADER = YES;
				CLANG_WARN_RANGE_LOOP_ANALYSIS = YES;
				CLANG_WARN_STRICT_PROTOTYPES = YES;
				CLANG_WARN_SUSPICIOUS_MOVE = YES;
				CLANG_WARN_UNGUARDED_AVAILABILITY = YES_AGGRESSIVE;
				CLANG_WARN_UNREACHABLE_CODE = YES;
				CLANG_WARN__DUPLICATE_METHOD_MATCH = YES;
				COPY_PHASE_STRIP = NO;
				DEBUG_INFORMATION_FORMAT = dwarf;
				DEVELOPMENT_TEAM = FQA2XH9ZUM;
				ENABLE_STRICT_OBJC_MSGSEND = YES;
				ENABLE_TESTABILITY = YES;
				ENABLE_USER_SCRIPT_SANDBOXING = YES;
				GCC_C_LANGUAGE_STANDARD = gnu17;
				GCC_DYNAMIC_NO_PIC = NO;
				GCC_NO_COMMON_BLOCKS = YES;
				GCC_OPTIMIZATION_LEVEL = 0;
				GCC_PREPROCESSOR_DEFINITIONS = (
					"DEBUG=1",
					"$(inherited)",
				);
				GCC_WARN_64_TO_32_BIT_CONVERSION = YES;
				GCC_WARN_ABOUT_RETURN_TYPE = YES_ERROR;
				GCC_WARN_UNDECLARED_SELECTOR = YES;
				GCC_WARN_UNINITIALIZED_AUTOS = YES_AGGRESSIVE;
				GCC_WARN_UNUSED_FUNCTION = YES;
				GCC_WARN_UNUSED_VARIABLE = YES;
				LOCALIZATION_PREFERS_STRING_CATALOGS = YES;
				MTL_ENABLE_DEBUG_INFO = INCLUDE_SOURCE;
				MTL_FAST_MATH = YES;
				ONLY_ACTIVE_ARCH = YES;
				SWIFT_ACTIVE_COMPILATION_CONDITIONS = "DEBUG $(inherited)";
				SWIFT_OPTIMIZATION_LEVEL = "-Onone";
			};
			name = Debug;
		};
		82D7F4DC2ECA813500A44A98 /* Release */ = {
			isa = XCBuildConfiguration;
			buildSettings = {
				ALWAYS_SEARCH_USER_PATHS = NO;
				ASSETCATALOG_COMPILER_GENERATE_SWIFT_ASSET_SYMBOL_EXTENSIONS = YES;
				CLANG_ANALYZER_NONNULL = YES;
				CLANG_ANALYZER_NUMBER_OBJECT_CONVERSION = YES_AGGRESSIVE;
				CLANG_CXX_LANGUAGE_STANDARD = "gnu++20";
				CLANG_ENABLE_MODULES = YES;
				CLANG_ENABLE_OBJC_ARC = YES;
				CLANG_ENABLE_OBJC_WEAK = YES;
				CLANG_WARN_BLOCK_CAPTURE_AUTORELEASING = YES;
				CLANG_WARN_BOOL_CONVERSION = YES;
				CLANG_WARN_COMMA = YES;
				CLANG_WARN_CONSTANT_CONVERSION = YES;
				CLANG_WARN_DEPRECATED_OBJC_IMPLEMENTATIONS = YES;
				CLANG_WARN_DIRECT_OBJC_ISA_USAGE = YES_ERROR;
				CLANG_WARN_DOCUMENTATION_COMMENTS = YES;
				CLANG_WARN_EMPTY_BODY = YES;
				CLANG_WARN_ENUM_CONVERSION = YES;
				CLANG_WARN_INFINITE_RECURSION = YES;
				CLANG_WARN_INT_CONVERSION = YES;
				CLANG_WARN_NON_LITERAL_NULL_CONVERSION = YES;
				CLANG_WARN_OBJC_IMPLICIT_RETAIN_SELF = YES;
				CLANG_WARN_OBJC_LITERAL_CONVERSION = YES;
				CLANG_WARN_OBJC_ROOT_CLASS = YES_ERROR;
				CLANG_WARN_QUOTED_INCLUDE_IN_FRAMEWORK_HEADER = YES;
				CLANG_WARN_RANGE_LOOP_ANALYSIS = YES;
				CLANG_WARN_STRICT_PROTOTYPES = YES;
				CLANG_WARN_SUSPICIOUS_MOVE = YES;
				CLANG_WARN_UNGUARDED_AVAILABILITY = YES_AGGRESSIVE;
				CLANG_WARN_UNREACHABLE_CODE = YES;
				CLANG_WARN__DUPLICATE_METHOD_MATCH = YES;
				COPY_PHASE_STRIP = NO;
				DEBUG_INFORMATION_FORMAT = "dwarf-with-dsym";
				DEVELOPMENT_TEAM = FQA2XH9ZUM;
				ENABLE_NS_ASSERTIONS = NO;
				ENABLE_STRICT_OBJC_MSGSEND = YES;
				ENABLE_USER_SCRIPT_SANDBOXING = YES;
				GCC_C_LANGUAGE_STANDARD = gnu17;
				GCC_NO_COMMON_BLOCKS = YES;
				GCC_WARN_64_TO_32_BIT_CONVERSION = YES;
				GCC_WARN_ABOUT_RETURN_TYPE = YES_ERROR;
				GCC_WARN_UNDECLARED_SELECTOR = YES;
				GCC_WARN_UNINITIALIZED_AUTOS = YES_AGGRESSIVE;
				GCC_WARN_UNUSED_FUNCTION = YES;
				GCC_WARN_UNUSED_VARIABLE = YES;
				LOCALIZATION_PREFERS_STRING_CATALOGS = YES;
				MTL_ENABLE_DEBUG_INFO = NO;
				MTL_FAST_MATH = YES;
				SWIFT_COMPILATION_MODE = wholemodule;
			};
			name = Release;
		};
		82D7F4DE2ECA813500A44A98 /* Debug */ = {
			isa = XCBuildConfiguration;
			buildSettings = {
				ASSETCATALOG_COMPILER_APPICON_NAME = AppIcon;
				ASSETCATALOG_COMPILER_GLOBAL_ACCENT_COLOR_NAME = AccentColor;
				CODE_SIGN_ENTITLEMENTS = GalaryCloud/GalaryCloud.entitlements;
				CODE_SIGN_STYLE = Automatic;
				CURRENT_PROJECT_VERSION = 7;
				DEVELOPMENT_TEAM = FQA2XH9ZUM;
				ENABLE_APP_SANDBOX = YES;
				ENABLE_HARDENED_RUNTIME = YES;
				ENABLE_INCOMING_NETWORK_CONNECTIONS = NO;
				ENABLE_OUTGOING_NETWORK_CONNECTIONS = YES;
				ENABLE_PREVIEWS = YES;
				ENABLE_RESOURCE_ACCESS_AUDIO_INPUT = NO;
				ENABLE_RESOURCE_ACCESS_BLUETOOTH = NO;
				ENABLE_RESOURCE_ACCESS_CALENDARS = NO;
				ENABLE_RESOURCE_ACCESS_CAMERA = NO;
				ENABLE_RESOURCE_ACCESS_CONTACTS = NO;
				ENABLE_RESOURCE_ACCESS_LOCATION = NO;
				ENABLE_RESOURCE_ACCESS_PRINTING = NO;
				ENABLE_RESOURCE_ACCESS_USB = NO;
				ENABLE_USER_SELECTED_FILES = readonly;
				GENERATE_INFOPLIST_FILE = YES;
				INFOPLIST_FILE = GalaryCloud/Info.plist;
				INFOPLIST_KEY_LSApplicationCategoryType = "public.app-category.utilities";
				INFOPLIST_KEY_NSPhotoLibraryAddUsageDescription = "To save photos on your device, we need access to your photolibrary";
				"INFOPLIST_KEY_UIApplicationSceneManifest_Generation[sdk=iphoneos*]" = YES;
				"INFOPLIST_KEY_UIApplicationSceneManifest_Generation[sdk=iphonesimulator*]" = YES;
				"INFOPLIST_KEY_UIApplicationSupportsIndirectInputEvents[sdk=iphoneos*]" = YES;
				"INFOPLIST_KEY_UIApplicationSupportsIndirectInputEvents[sdk=iphonesimulator*]" = YES;
				"INFOPLIST_KEY_UILaunchScreen_Generation[sdk=iphoneos*]" = YES;
				"INFOPLIST_KEY_UILaunchScreen_Generation[sdk=iphonesimulator*]" = YES;
				"INFOPLIST_KEY_UIStatusBarStyle[sdk=iphoneos*]" = UIStatusBarStyleDefault;
				"INFOPLIST_KEY_UIStatusBarStyle[sdk=iphonesimulator*]" = UIStatusBarStyleDefault;
				INFOPLIST_KEY_UISupportedInterfaceOrientations_iPad = "UIInterfaceOrientationPortrait UIInterfaceOrientationPortraitUpsideDown UIInterfaceOrientationLandscapeLeft UIInterfaceOrientationLandscapeRight";
				INFOPLIST_KEY_UISupportedInterfaceOrientations_iPhone = "UIInterfaceOrientationPortrait UIInterfaceOrientationLandscapeLeft UIInterfaceOrientationLandscapeRight";
				IPHONEOS_DEPLOYMENT_TARGET = 16.0;
				LD_RUNPATH_SEARCH_PATHS = "@executable_path/Frameworks";
				"LD_RUNPATH_SEARCH_PATHS[sdk=macosx*]" = "@executable_path/../Frameworks";
				MACOSX_DEPLOYMENT_TARGET = 11.0;
				MARKETING_VERSION = 1.0;
				PRODUCT_BUNDLE_IDENTIFIER = com.dovhiy.galaryCloud;
				PRODUCT_NAME = "$(TARGET_NAME)";
				REGISTER_APP_GROUPS = YES;
				SDKROOT = auto;
				STRING_CATALOG_GENERATE_SYMBOLS = YES;
				SUPPORTED_PLATFORMS = "iphoneos iphonesimulator macosx xros xrsimulator";
				SUPPORTS_MACCATALYST = NO;
				SWIFT_APPROACHABLE_CONCURRENCY = YES;
				SWIFT_DEFAULT_ACTOR_ISOLATION = MainActor;
				SWIFT_EMIT_LOC_STRINGS = YES;
				SWIFT_UPCOMING_FEATURE_MEMBER_IMPORT_VISIBILITY = YES;
				SWIFT_VERSION = 5.0;
				TARGETED_DEVICE_FAMILY = "1,7";
				XROS_DEPLOYMENT_TARGET = 1.0;
			};
			name = Debug;
		};
		82D7F4DF2ECA813500A44A98 /* Release */ = {
			isa = XCBuildConfiguration;
			buildSettings = {
				ASSETCATALOG_COMPILER_APPICON_NAME = AppIcon;
				ASSETCATALOG_COMPILER_GLOBAL_ACCENT_COLOR_NAME = AccentColor;
				CODE_SIGN_ENTITLEMENTS = GalaryCloud/GalaryCloud.entitlements;
				CODE_SIGN_STYLE = Automatic;
				CURRENT_PROJECT_VERSION = 7;
				DEVELOPMENT_TEAM = FQA2XH9ZUM;
				ENABLE_APP_SANDBOX = YES;
				ENABLE_HARDENED_RUNTIME = YES;
				ENABLE_INCOMING_NETWORK_CONNECTIONS = NO;
				ENABLE_OUTGOING_NETWORK_CONNECTIONS = YES;
				ENABLE_PREVIEWS = YES;
				ENABLE_RESOURCE_ACCESS_AUDIO_INPUT = NO;
				ENABLE_RESOURCE_ACCESS_BLUETOOTH = NO;
				ENABLE_RESOURCE_ACCESS_CALENDARS = NO;
				ENABLE_RESOURCE_ACCESS_CAMERA = NO;
				ENABLE_RESOURCE_ACCESS_CONTACTS = NO;
				ENABLE_RESOURCE_ACCESS_LOCATION = NO;
				ENABLE_RESOURCE_ACCESS_PRINTING = NO;
				ENABLE_RESOURCE_ACCESS_USB = NO;
				ENABLE_USER_SELECTED_FILES = readonly;
				GENERATE_INFOPLIST_FILE = YES;
				INFOPLIST_FILE = GalaryCloud/Info.plist;
				INFOPLIST_KEY_LSApplicationCategoryType = "public.app-category.utilities";
				INFOPLIST_KEY_NSPhotoLibraryAddUsageDescription = "To save photos on your device, we need access to your photolibrary";
				"INFOPLIST_KEY_UIApplicationSceneManifest_Generation[sdk=iphoneos*]" = YES;
				"INFOPLIST_KEY_UIApplicationSceneManifest_Generation[sdk=iphonesimulator*]" = YES;
				"INFOPLIST_KEY_UIApplicationSupportsIndirectInputEvents[sdk=iphoneos*]" = YES;
				"INFOPLIST_KEY_UIApplicationSupportsIndirectInputEvents[sdk=iphonesimulator*]" = YES;
				"INFOPLIST_KEY_UILaunchScreen_Generation[sdk=iphoneos*]" = YES;
				"INFOPLIST_KEY_UILaunchScreen_Generation[sdk=iphonesimulator*]" = YES;
				"INFOPLIST_KEY_UIStatusBarStyle[sdk=iphoneos*]" = UIStatusBarStyleDefault;
				"INFOPLIST_KEY_UIStatusBarStyle[sdk=iphonesimulator*]" = UIStatusBarStyleDefault;
				INFOPLIST_KEY_UISupportedInterfaceOrientations_iPad = "UIInterfaceOrientationPortrait UIInterfaceOrientationPortraitUpsideDown UIInterfaceOrientationLandscapeLeft UIInterfaceOrientationLandscapeRight";
				INFOPLIST_KEY_UISupportedInterfaceOrientations_iPhone = "UIInterfaceOrientationPortrait UIInterfaceOrientationLandscapeLeft UIInterfaceOrientationLandscapeRight";
				IPHONEOS_DEPLOYMENT_TARGET = 16.0;
				LD_RUNPATH_SEARCH_PATHS = "@executable_path/Frameworks";
				"LD_RUNPATH_SEARCH_PATHS[sdk=macosx*]" = "@executable_path/../Frameworks";
				MACOSX_DEPLOYMENT_TARGET = 11.0;
				MARKETING_VERSION = 1.0;
				PRODUCT_BUNDLE_IDENTIFIER = com.dovhiy.galaryCloud;
				PRODUCT_NAME = "$(TARGET_NAME)";
				REGISTER_APP_GROUPS = YES;
				SDKROOT = auto;
				STRING_CATALOG_GENERATE_SYMBOLS = YES;
				SUPPORTED_PLATFORMS = "iphoneos iphonesimulator macosx xros xrsimulator";
				SUPPORTS_MACCATALYST = NO;
				SWIFT_APPROACHABLE_CONCURRENCY = YES;
				SWIFT_DEFAULT_ACTOR_ISOLATION = MainActor;
				SWIFT_EMIT_LOC_STRINGS = YES;
				SWIFT_UPCOMING_FEATURE_MEMBER_IMPORT_VISIBILITY = YES;
				SWIFT_VERSION = 5.0;
				TARGETED_DEVICE_FAMILY = "1,7";
				XROS_DEPLOYMENT_TARGET = 1.0;
			};
			name = Release;
		};
		82D7F4E12ECA813500A44A98 /* Debug */ = {
			isa = XCBuildConfiguration;
			buildSettings = {
				BUNDLE_LOADER = "$(TEST_HOST)";
				CODE_SIGN_STYLE = Automatic;
				CURRENT_PROJECT_VERSION = 1;
				DEVELOPMENT_TEAM = FQA2XH9ZUM;
				GENERATE_INFOPLIST_FILE = YES;
				IPHONEOS_DEPLOYMENT_TARGET = 26.0;
				MACOSX_DEPLOYMENT_TARGET = 26.0;
				MARKETING_VERSION = 1.0;
				PRODUCT_BUNDLE_IDENTIFIER = com.dovhiy.GalaryCloudTests;
				PRODUCT_NAME = "$(TARGET_NAME)";
				SDKROOT = auto;
				STRING_CATALOG_GENERATE_SYMBOLS = NO;
				SUPPORTED_PLATFORMS = "iphoneos iphonesimulator macosx xros xrsimulator";
				SWIFT_APPROACHABLE_CONCURRENCY = YES;
				SWIFT_EMIT_LOC_STRINGS = NO;
				SWIFT_UPCOMING_FEATURE_MEMBER_IMPORT_VISIBILITY = YES;
				SWIFT_VERSION = 5.0;
				TARGETED_DEVICE_FAMILY = "1,2,7";
				TEST_HOST = "$(BUILT_PRODUCTS_DIR)/GalaryCloud.app/$(BUNDLE_EXECUTABLE_FOLDER_PATH)/GalaryCloud";
				XROS_DEPLOYMENT_TARGET = 26.0;
			};
			name = Debug;
		};
		82D7F4E22ECA813500A44A98 /* Release */ = {
			isa = XCBuildConfiguration;
			buildSettings = {
				BUNDLE_LOADER = "$(TEST_HOST)";
				CODE_SIGN_STYLE = Automatic;
				CURRENT_PROJECT_VERSION = 1;
				DEVELOPMENT_TEAM = FQA2XH9ZUM;
				GENERATE_INFOPLIST_FILE = YES;
				IPHONEOS_DEPLOYMENT_TARGET = 26.0;
				MACOSX_DEPLOYMENT_TARGET = 26.0;
				MARKETING_VERSION = 1.0;
				PRODUCT_BUNDLE_IDENTIFIER = com.dovhiy.GalaryCloudTests;
				PRODUCT_NAME = "$(TARGET_NAME)";
				SDKROOT = auto;
				STRING_CATALOG_GENERATE_SYMBOLS = NO;
				SUPPORTED_PLATFORMS = "iphoneos iphonesimulator macosx xros xrsimulator";
				SWIFT_APPROACHABLE_CONCURRENCY = YES;
				SWIFT_EMIT_LOC_STRINGS = NO;
				SWIFT_UPCOMING_FEATURE_MEMBER_IMPORT_VISIBILITY = YES;
				SWIFT_VERSION = 5.0;
				TARGETED_DEVICE_FAMILY = "1,2,7";
				TEST_HOST = "$(BUILT_PRODUCTS_DIR)/GalaryCloud.app/$(BUNDLE_EXECUTABLE_FOLDER_PATH)/GalaryCloud";
				XROS_DEPLOYMENT_TARGET = 26.0;
			};
			name = Release;
		};
		82D7F4E42ECA813500A44A98 /* Debug */ = {
			isa = XCBuildConfiguration;
			buildSettings = {
				CODE_SIGN_STYLE = Automatic;
				CURRENT_PROJECT_VERSION = 1;
				DEVELOPMENT_TEAM = FQA2XH9ZUM;
				GENERATE_INFOPLIST_FILE = YES;
				IPHONEOS_DEPLOYMENT_TARGET = 26.0;
				MACOSX_DEPLOYMENT_TARGET = 26.0;
				MARKETING_VERSION = 1.0;
				PRODUCT_BUNDLE_IDENTIFIER = com.dovhiy.GalaryCloudUITests;
				PRODUCT_NAME = "$(TARGET_NAME)";
				SDKROOT = auto;
				STRING_CATALOG_GENERATE_SYMBOLS = NO;
				SUPPORTED_PLATFORMS = "iphoneos iphonesimulator macosx xros xrsimulator";
				SWIFT_APPROACHABLE_CONCURRENCY = YES;
				SWIFT_EMIT_LOC_STRINGS = NO;
				SWIFT_UPCOMING_FEATURE_MEMBER_IMPORT_VISIBILITY = YES;
				SWIFT_VERSION = 5.0;
				TARGETED_DEVICE_FAMILY = "1,2,7";
				TEST_TARGET_NAME = GalaryCloud;
				XROS_DEPLOYMENT_TARGET = 26.0;
			};
			name = Debug;
		};
		82D7F4E52ECA813500A44A98 /* Release */ = {
			isa = XCBuildConfiguration;
			buildSettings = {
				CODE_SIGN_STYLE = Automatic;
				CURRENT_PROJECT_VERSION = 1;
				DEVELOPMENT_TEAM = FQA2XH9ZUM;
				GENERATE_INFOPLIST_FILE = YES;
				IPHONEOS_DEPLOYMENT_TARGET = 26.0;
				MACOSX_DEPLOYMENT_TARGET = 26.0;
				MARKETING_VERSION = 1.0;
				PRODUCT_BUNDLE_IDENTIFIER = com.dovhiy.GalaryCloudUITests;
				PRODUCT_NAME = "$(TARGET_NAME)";
				SDKROOT = auto;
				STRING_CATALOG_GENERATE_SYMBOLS = NO;
				SUPPORTED_PLATFORMS = "iphoneos iphonesimulator macosx xros xrsimulator";
				SWIFT_APPROACHABLE_CONCURRENCY = YES;
				SWIFT_EMIT_LOC_STRINGS = NO;
				SWIFT_UPCOMING_FEATURE_MEMBER_IMPORT_VISIBILITY = YES;
				SWIFT_VERSION = 5.0;
				TARGETED_DEVICE_FAMILY = "1,2,7";
				TEST_TARGET_NAME = GalaryCloud;
				XROS_DEPLOYMENT_TARGET = 26.0;
			};
			name = Release;
		};
/* End XCBuildConfiguration section */

/* Begin XCConfigurationList section */
		82D7F4B72ECA813300A44A98 /* Build configuration list for PBXProject "GalaryCloud" */ = {
			isa = XCConfigurationList;
			buildConfigurations = (
				82D7F4DB2ECA813500A44A98 /* Debug */,
				82D7F4DC2ECA813500A44A98 /* Release */,
			);
			defaultConfigurationIsVisible = 0;
			defaultConfigurationName = Release;
		};
		82D7F4DD2ECA813500A44A98 /* Build configuration list for PBXNativeTarget "GalaryCloud" */ = {
			isa = XCConfigurationList;
			buildConfigurations = (
				82D7F4DE2ECA813500A44A98 /* Debug */,
				82D7F4DF2ECA813500A44A98 /* Release */,
			);
			defaultConfigurationIsVisible = 0;
			defaultConfigurationName = Release;
		};
		82D7F4E02ECA813500A44A98 /* Build configuration list for PBXNativeTarget "GalaryCloudTests" */ = {
			isa = XCConfigurationList;
			buildConfigurations = (
				82D7F4E12ECA813500A44A98 /* Debug */,
				82D7F4E22ECA813500A44A98 /* Release */,
			);
			defaultConfigurationIsVisible = 0;
			defaultConfigurationName = Release;
		};
		82D7F4E32ECA813500A44A98 /* Build configuration list for PBXNativeTarget "GalaryCloudUITests" */ = {
			isa = XCConfigurationList;
			buildConfigurations = (
				82D7F4E42ECA813500A44A98 /* Debug */,
				82D7F4E52ECA813500A44A98 /* Release */,
			);
			defaultConfigurationIsVisible = 0;
			defaultConfigurationName = Release;
		};
/* End XCConfigurationList section */

/* Begin XCRemoteSwiftPackageReference section */
		820A9D502ED8157F00498E35 /* XCRemoteSwiftPackageReference "lottie-ios" */ = {
			isa = XCRemoteSwiftPackageReference;
			repositoryURL = "https://github.com/airbnb/lottie-ios.git";
			requirement = {
				kind = upToNextMajorVersion;
				minimumVersion = 4.5.2;
			};
		};
		82909A5A2ED4E2A700BF9548 /* XCRemoteSwiftPackageReference "aws-sdk-ios-spm" */ = {
			isa = XCRemoteSwiftPackageReference;
			repositoryURL = "https://github.com/aws-amplify/aws-sdk-ios-spm";
			requirement = {
				kind = exactVersion;
				version = 2.41.0;
			};
		};
/* End XCRemoteSwiftPackageReference section */

/* Begin XCSwiftPackageProductDependency section */
		820A9D512ED8157F00498E35 /* Lottie */ = {
			isa = XCSwiftPackageProductDependency;
			package = 820A9D502ED8157F00498E35 /* XCRemoteSwiftPackageReference "lottie-ios" */;
			productName = Lottie;
		};
		82909A5B2ED4E2A700BF9548 /* AWSConnect */ = {
			isa = XCSwiftPackageProductDependency;
			package = 82909A5A2ED4E2A700BF9548 /* XCRemoteSwiftPackageReference "aws-sdk-ios-spm" */;
			productName = AWSConnect;
		};
		82909A5D2ED4E2A700BF9548 /* AWSCore */ = {
			isa = XCSwiftPackageProductDependency;
			package = 82909A5A2ED4E2A700BF9548 /* XCRemoteSwiftPackageReference "aws-sdk-ios-spm" */;
			productName = AWSCore;
		};
		82909A5F2ED4E2A700BF9548 /* AWSEC2 */ = {
			isa = XCSwiftPackageProductDependency;
			package = 82909A5A2ED4E2A700BF9548 /* XCRemoteSwiftPackageReference "aws-sdk-ios-spm" */;
			productName = AWSEC2;
		};
		82909A612ED4E2A700BF9548 /* AWSS3 */ = {
			isa = XCSwiftPackageProductDependency;
			package = 82909A5A2ED4E2A700BF9548 /* XCRemoteSwiftPackageReference "aws-sdk-ios-spm" */;
			productName = AWSS3;
		};
		82909A632ED4E2A700BF9548 /* AWSSES */ = {
			isa = XCSwiftPackageProductDependency;
			package = 82909A5A2ED4E2A700BF9548 /* XCRemoteSwiftPackageReference "aws-sdk-ios-spm" */;
			productName = AWSSES;
		};
		82909A652ED4E2A700BF9548 /* AWSSNS */ = {
			isa = XCSwiftPackageProductDependency;
			package = 82909A5A2ED4E2A700BF9548 /* XCRemoteSwiftPackageReference "aws-sdk-ios-spm" */;
			productName = AWSSNS;
		};
/* End XCSwiftPackageProductDependency section */
	};
	rootObject = 82D7F4B42ECA813300A44A98 /* Project object */;
}
